PODS:
  - OpenSSL-Universal (3.3.3001)
  - slark (0.0.1):
    - OpenSSL-Universal

DEPENDENCIES:
  - slark (from `../../..`)

SPEC REPOS:
  https://github.com/CocoaPods/Specs.git:
    - OpenSSL-Universal

EXTERNAL SOURCES:
  slark:
    :path: "../../.."

SPEC CHECKSUMS:
  OpenSSL-Universal: 6082b0bf950e5636fe0d78def171184e2b3899c2
  slark: 6398e8a496fa155c30c62d4672c0761668e5545a

PODFILE CHECKSUM: 5d536d6ad5bd21c2692d6cdc1169117f9278de78

COCOAPODS: 1.16.2
