// !$*UTF8*$!
{
	archiveVersion = 1;
	classes = {
	};
	objectVersion = 55;
	objects = {

/* Begin PBXBuildFile section */
		864A316828AF32D300C46DED /* AudioRenderNode.h in Headers */ = {isa = PBXBuildFile; fileRef = 864A316728AF32D300C46DED /* AudioRenderNode.h */; };
		864A316A28AF686800C46DED /* AudioDefine.h in Headers */ = {isa = PBXBuildFile; fileRef = 864A316928AF686800C46DED /* AudioDefine.h */; };
		864A316C28AFA11400C46DED /* AudioComponent.cpp in Sources */ = {isa = PBXBuildFile; fileRef = 864A316B28AFA11400C46DED /* AudioComponent.cpp */; };
		864A316E28B3998200C46DED /* AudioInfo.hpp in Headers */ = {isa = PBXBuildFile; fileRef = 864A316D28B3998200C46DED /* AudioInfo.hpp */; };
		864A317028B399C700C46DED /* VideoInfo.hpp in Headers */ = {isa = PBXBuildFile; fileRef = 864A316F28B399C700C46DED /* VideoInfo.hpp */; };
		864A317228B39E0300C46DED /* AudioDescription.h in Headers */ = {isa = PBXBuildFile; fileRef = 864A317128B39E0300C46DED /* AudioDescription.h */; };
		864A317428B39F6A00C46DED /* AudioDescription.mm in Sources */ = {isa = PBXBuildFile; fileRef = 864A317328B39F6A00C46DED /* AudioDescription.mm */; };
		8679DD93289FCAC9009E3022 /* DemuxerManager.hpp in Headers */ = {isa = PBXBuildFile; fileRef = 8679DD54289FCAC9009E3022 /* DemuxerManager.hpp */; };
		8679DD94289FCAC9009E3022 /* AVFrame.hpp in Headers */ = {isa = PBXBuildFile; fileRef = 8679DD55289FCAC9009E3022 /* AVFrame.hpp */; };
		8679DD95289FCAC9009E3022 /* Type.hpp in Headers */ = {isa = PBXBuildFile; fileRef = 8679DD56289FCAC9009E3022 /* Type.hpp */; };
		8679DD96289FCAC9009E3022 /* IDecoder.hpp in Headers */ = {isa = PBXBuildFile; fileRef = 8679DD57289FCAC9009E3022 /* IDecoder.hpp */; };
		8679DD97289FCAC9009E3022 /* FileHandler.hpp in Headers */ = {isa = PBXBuildFile; fileRef = 8679DD58289FCAC9009E3022 /* FileHandler.hpp */; };
		8679DD98289FCAC9009E3022 /* WavDemuxer.hpp in Headers */ = {isa = PBXBuildFile; fileRef = 8679DD59289FCAC9009E3022 /* WavDemuxer.hpp */; };
		8679DD99289FCAC9009E3022 /* DecoderManager.hpp in Headers */ = {isa = PBXBuildFile; fileRef = 8679DD5A289FCAC9009E3022 /* DecoderManager.hpp */; };
		8679DD9A289FCAC9009E3022 /* IOHandler.hpp in Headers */ = {isa = PBXBuildFile; fileRef = 8679DD5B289FCAC9009E3022 /* IOHandler.hpp */; };
		8679DD9B289FCAC9009E3022 /* AVFrameDeque.hpp in Headers */ = {isa = PBXBuildFile; fileRef = 8679DD5C289FCAC9009E3022 /* AVFrameDeque.hpp */; };
		8679DD9C289FCAC9009E3022 /* BaseClass.hpp in Headers */ = {isa = PBXBuildFile; fileRef = 8679DD5D289FCAC9009E3022 /* BaseClass.hpp */; };
		8679DD9D289FCAC9009E3022 /* MediaDefs.hpp in Headers */ = {isa = PBXBuildFile; fileRef = 8679DD5E289FCAC9009E3022 /* MediaDefs.hpp */; };
		8679DD9E289FCAC9009E3022 /* PlayerImpl.hpp in Headers */ = {isa = PBXBuildFile; fileRef = 8679DD5F289FCAC9009E3022 /* PlayerImpl.hpp */; };
		8679DD9F289FCAC9009E3022 /* Data.hpp in Headers */ = {isa = PBXBuildFile; fileRef = 8679DD60289FCAC9009E3022 /* Data.hpp */; };
		8679DDA0289FCAC9009E3022 /* IOManager.hpp in Headers */ = {isa = PBXBuildFile; fileRef = 8679DD61289FCAC9009E3022 /* IOManager.hpp */; };
		8679DDA1289FCAC9009E3022 /* Player.hpp in Headers */ = {isa = PBXBuildFile; fileRef = 8679DD62289FCAC9009E3022 /* Player.hpp */; };
		8679DDA2289FCAC9009E3022 /* MediaUtility.hpp in Headers */ = {isa = PBXBuildFile; fileRef = 8679DD63289FCAC9009E3022 /* MediaUtility.hpp */; };
		8679DDA3289FCAC9009E3022 /* IDemuxer.hpp in Headers */ = {isa = PBXBuildFile; fileRef = 8679DD64289FCAC9009E3022 /* IDemuxer.hpp */; };
		8679DDA4289FCAC9009E3022 /* TransportEvent.hpp in Headers */ = {isa = PBXBuildFile; fileRef = 8679DD65289FCAC9009E3022 /* TransportEvent.hpp */; };
		8679DDA5289FCAC9009E3022 /* IOManager.cpp in Sources */ = {isa = PBXBuildFile; fileRef = 8679DD67289FCAC9009E3022 /* IOManager.cpp */; };
		8679DDA6289FCAC9009E3022 /* Player.cpp in Sources */ = {isa = PBXBuildFile; fileRef = 8679DD68289FCAC9009E3022 /* Player.cpp */; };
		8679DDA7289FCAC9009E3022 /* MediaUtility.cpp in Sources */ = {isa = PBXBuildFile; fileRef = 8679DD69289FCAC9009E3022 /* MediaUtility.cpp */; };
		8679DDA8289FCAC9009E3022 /* MediaDefs.cpp in Sources */ = {isa = PBXBuildFile; fileRef = 8679DD6A289FCAC9009E3022 /* MediaDefs.cpp */; };
		8679DDA9289FCAC9009E3022 /* PlayerImpl.cpp in Sources */ = {isa = PBXBuildFile; fileRef = 8679DD6B289FCAC9009E3022 /* PlayerImpl.cpp */; };
		8679DDAA289FCAC9009E3022 /* WavDemuxer.cpp in Sources */ = {isa = PBXBuildFile; fileRef = 8679DD6C289FCAC9009E3022 /* WavDemuxer.cpp */; };
		8679DDAB289FCAC9009E3022 /* DecoderManager.cpp in Sources */ = {isa = PBXBuildFile; fileRef = 8679DD6D289FCAC9009E3022 /* DecoderManager.cpp */; };
		8679DDAC289FCAC9009E3022 /* AVFrameDeque.cpp in Sources */ = {isa = PBXBuildFile; fileRef = 8679DD6E289FCAC9009E3022 /* AVFrameDeque.cpp */; };
		8679DDAD289FCAC9009E3022 /* DemuxerManager.cpp in Sources */ = {isa = PBXBuildFile; fileRef = 8679DD6F289FCAC9009E3022 /* DemuxerManager.cpp */; };
		8679DDAE289FCAC9009E3022 /* FileHandler.cpp in Sources */ = {isa = PBXBuildFile; fileRef = 8679DD70289FCAC9009E3022 /* FileHandler.cpp */; };
		8679DDB4289FCAC9009E3022 /* RingBuffer.hpp in Headers */ = {isa = PBXBuildFile; fileRef = 8679DD79289FCAC9009E3022 /* RingBuffer.hpp */; };
		8679DDB5289FCAC9009E3022 /* Utility.hpp in Headers */ = {isa = PBXBuildFile; fileRef = 8679DD7A289FCAC9009E3022 /* Utility.hpp */; };
		8679DDB6289FCAC9009E3022 /* Time.hpp in Headers */ = {isa = PBXBuildFile; fileRef = 8679DD7B289FCAC9009E3022 /* Time.hpp */; };
		8679DDB7289FCAC9009E3022 /* FileUtility.hpp in Headers */ = {isa = PBXBuildFile; fileRef = 8679DD7C289FCAC9009E3022 /* FileUtility.hpp */; };
		8679DDB8289FCAC9009E3022 /* File.hpp in Headers */ = {isa = PBXBuildFile; fileRef = 8679DD7D289FCAC9009E3022 /* File.hpp */; };
		8679DDB9289FCAC9009E3022 /* ThreadManager.hpp in Headers */ = {isa = PBXBuildFile; fileRef = 8679DD7E289FCAC9009E3022 /* ThreadManager.hpp */; };
		8679DDBA289FCAC9009E3022 /* Reflection.hpp in Headers */ = {isa = PBXBuildFile; fileRef = 8679DD7F289FCAC9009E3022 /* Reflection.hpp */; };
		8679DDBB289FCAC9009E3022 /* Timer.hpp in Headers */ = {isa = PBXBuildFile; fileRef = 8679DD80289FCAC9009E3022 /* Timer.hpp */; };
		8679DDBC289FCAC9009E3022 /* TimerPool.hpp in Headers */ = {isa = PBXBuildFile; fileRef = 8679DD81289FCAC9009E3022 /* TimerPool.hpp */; };
		8679DDBD289FCAC9009E3022 /* TimerManager.hpp in Headers */ = {isa = PBXBuildFile; fileRef = 8679DD82289FCAC9009E3022 /* TimerManager.hpp */; };
		8679DDBE289FCAC9009E3022 /* Thread.hpp in Headers */ = {isa = PBXBuildFile; fileRef = 8679DD83289FCAC9009E3022 /* Thread.hpp */; };
		8679DDBF289FCAC9009E3022 /* Log.hpp in Headers */ = {isa = PBXBuildFile; fileRef = 8679DD84289FCAC9009E3022 /* Log.hpp */; };
		8679DDC0289FCAC9009E3022 /* NonCopyable.hpp in Headers */ = {isa = PBXBuildFile; fileRef = 8679DD85289FCAC9009E3022 /* NonCopyable.hpp */; };
		8679DDC1289FCAC9009E3022 /* TimerManager.cpp in Sources */ = {isa = PBXBuildFile; fileRef = 8679DD87289FCAC9009E3022 /* TimerManager.cpp */; };
		8679DDC2289FCAC9009E3022 /* Thread.cpp in Sources */ = {isa = PBXBuildFile; fileRef = 8679DD88289FCAC9009E3022 /* Thread.cpp */; };
		8679DDC3289FCAC9009E3022 /* Log.cpp in Sources */ = {isa = PBXBuildFile; fileRef = 8679DD89289FCAC9009E3022 /* Log.cpp */; };
		8679DDC4289FCAC9009E3022 /* Timer.cpp in Sources */ = {isa = PBXBuildFile; fileRef = 8679DD8A289FCAC9009E3022 /* Timer.cpp */; };
		8679DDC5289FCAC9009E3022 /* TimerPool.cpp in Sources */ = {isa = PBXBuildFile; fileRef = 8679DD8B289FCAC9009E3022 /* TimerPool.cpp */; };
		8679DDC6289FCAC9009E3022 /* File.cpp in Sources */ = {isa = PBXBuildFile; fileRef = 8679DD8C289FCAC9009E3022 /* File.cpp */; };
		8679DDC7289FCAC9009E3022 /* ThreadManager.cpp in Sources */ = {isa = PBXBuildFile; fileRef = 8679DD8D289FCAC9009E3022 /* ThreadManager.cpp */; };
		8679DDC8289FCAC9009E3022 /* Utility.cpp in Sources */ = {isa = PBXBuildFile; fileRef = 8679DD8E289FCAC9009E3022 /* Utility.cpp */; };
		8679DDC9289FCAC9009E3022 /* FileUtility.cpp in Sources */ = {isa = PBXBuildFile; fileRef = 8679DD8F289FCAC9009E3022 /* FileUtility.cpp */; };
		8679DDCA289FCAC9009E3022 /* Time.cpp in Sources */ = {isa = PBXBuildFile; fileRef = 8679DD90289FCAC9009E3022 /* Time.cpp */; };
		8679DDCB289FCAC9009E3022 /* date.h in Headers */ = {isa = PBXBuildFile; fileRef = 8679DD92289FCAC9009E3022 /* date.h */; };
		8679DDCE289FD0BB009E3022 /* RawDecoder.hpp in Headers */ = {isa = PBXBuildFile; fileRef = 8679DDCD289FD0BB009E3022 /* RawDecoder.hpp */; };
		8679DDD0289FD274009E3022 /* RawDecoder.cpp in Sources */ = {isa = PBXBuildFile; fileRef = 8679DDCF289FD274009E3022 /* RawDecoder.cpp */; };
		8679DDD328A7E665009E3022 /* AudioRender.mm in Sources */ = {isa = PBXBuildFile; fileRef = 8679DDD228A7E665009E3022 /* AudioRender.mm */; };
		8679DDD628A7E6BC009E3022 /* AudioToolbox.framework in Frameworks */ = {isa = PBXBuildFile; fileRef = 8679DDD528A7E6BC009E3022 /* AudioToolbox.framework */; };
		8679DDD828AA4C94009E3022 /* AudioRender.h in Headers */ = {isa = PBXBuildFile; fileRef = 8679DDD728AA4C94009E3022 /* AudioRender.h */; };
		8679DDDA28AA5127009E3022 /* InternalLog.hpp in Headers */ = {isa = PBXBuildFile; fileRef = 8679DDD928AA5127009E3022 /* InternalLog.hpp */; };
		8679DDDC28AA51AA009E3022 /* InternalLog.mm in Sources */ = {isa = PBXBuildFile; fileRef = 8679DDDB28AA51AA009E3022 /* InternalLog.mm */; };
		8679DDE628AC9538009E3022 /* AudioComponent.hpp in Headers */ = {isa = PBXBuildFile; fileRef = 8679DDE428AC9538009E3022 /* AudioComponent.hpp */; };
		8679DDEC28ADE896009E3022 /* AudioRenderNode.mm in Sources */ = {isa = PBXBuildFile; fileRef = 8679DDEB28ADE896009E3022 /* AudioRenderNode.mm */; };
		86B3A4C128B62D4B00DC360E /* AudioNode.hpp in Headers */ = {isa = PBXBuildFile; fileRef = 86B3A4C028B62D4B00DC360E /* AudioNode.hpp */; };
		86B3A4C328B62DBA00DC360E /* AudioNode.cpp in Sources */ = {isa = PBXBuildFile; fileRef = 86B3A4C228B62DBA00DC360E /* AudioNode.cpp */; };
/* End PBXBuildFile section */

/* Begin PBXFileReference section */
		864A316728AF32D300C46DED /* AudioRenderNode.h */ = {isa = PBXFileReference; lastKnownFileType = sourcecode.c.h; path = AudioRenderNode.h; sourceTree = "<group>"; };
		864A316928AF686800C46DED /* AudioDefine.h */ = {isa = PBXFileReference; lastKnownFileType = sourcecode.c.h; path = AudioDefine.h; sourceTree = "<group>"; };
		864A316B28AFA11400C46DED /* AudioComponent.cpp */ = {isa = PBXFileReference; lastKnownFileType = sourcecode.cpp.cpp; path = AudioComponent.cpp; sourceTree = "<group>"; };
		864A316D28B3998200C46DED /* AudioInfo.hpp */ = {isa = PBXFileReference; lastKnownFileType = sourcecode.cpp.h; path = AudioInfo.hpp; sourceTree = "<group>"; };
		864A316F28B399C700C46DED /* VideoInfo.hpp */ = {isa = PBXFileReference; lastKnownFileType = sourcecode.cpp.h; path = VideoInfo.hpp; sourceTree = "<group>"; };
		864A317128B39E0300C46DED /* AudioDescription.h */ = {isa = PBXFileReference; lastKnownFileType = sourcecode.c.h; path = AudioDescription.h; sourceTree = "<group>"; };
		864A317328B39F6A00C46DED /* AudioDescription.mm */ = {isa = PBXFileReference; lastKnownFileType = sourcecode.cpp.objcpp; path = AudioDescription.mm; sourceTree = "<group>"; };
		8679DD48289FCA4E009E3022 /* Slark.framework */ = {isa = PBXFileReference; explicitFileType = wrapper.framework; includeInIndex = 0; path = Slark.framework; sourceTree = BUILT_PRODUCTS_DIR; };
		8679DD54289FCAC9009E3022 /* DemuxerManager.hpp */ = {isa = PBXFileReference; fileEncoding = 4; lastKnownFileType = sourcecode.cpp.h; path = DemuxerManager.hpp; sourceTree = "<group>"; };
		8679DD55289FCAC9009E3022 /* AVFrame.hpp */ = {isa = PBXFileReference; fileEncoding = 4; lastKnownFileType = sourcecode.cpp.h; path = AVFrame.hpp; sourceTree = "<group>"; };
		8679DD56289FCAC9009E3022 /* Type.hpp */ = {isa = PBXFileReference; fileEncoding = 4; lastKnownFileType = sourcecode.cpp.h; path = Type.hpp; sourceTree = "<group>"; };
		8679DD57289FCAC9009E3022 /* IDecoder.hpp */ = {isa = PBXFileReference; fileEncoding = 4; lastKnownFileType = sourcecode.cpp.h; path = IDecoder.hpp; sourceTree = "<group>"; };
		8679DD58289FCAC9009E3022 /* FileHandler.hpp */ = {isa = PBXFileReference; fileEncoding = 4; lastKnownFileType = sourcecode.cpp.h; path = FileHandler.hpp; sourceTree = "<group>"; };
		8679DD59289FCAC9009E3022 /* WavDemuxer.hpp */ = {isa = PBXFileReference; fileEncoding = 4; lastKnownFileType = sourcecode.cpp.h; path = WavDemuxer.hpp; sourceTree = "<group>"; };
		8679DD5A289FCAC9009E3022 /* DecoderManager.hpp */ = {isa = PBXFileReference; fileEncoding = 4; lastKnownFileType = sourcecode.cpp.h; path = DecoderManager.hpp; sourceTree = "<group>"; };
		8679DD5B289FCAC9009E3022 /* IOHandler.hpp */ = {isa = PBXFileReference; fileEncoding = 4; lastKnownFileType = sourcecode.cpp.h; path = IOHandler.hpp; sourceTree = "<group>"; };
		8679DD5C289FCAC9009E3022 /* AVFrameDeque.hpp */ = {isa = PBXFileReference; fileEncoding = 4; lastKnownFileType = sourcecode.cpp.h; path = AVFrameDeque.hpp; sourceTree = "<group>"; };
		8679DD5D289FCAC9009E3022 /* BaseClass.hpp */ = {isa = PBXFileReference; fileEncoding = 4; lastKnownFileType = sourcecode.cpp.h; path = BaseClass.hpp; sourceTree = "<group>"; };
		8679DD5E289FCAC9009E3022 /* MediaDefs.hpp */ = {isa = PBXFileReference; fileEncoding = 4; lastKnownFileType = sourcecode.cpp.h; path = MediaDefs.hpp; sourceTree = "<group>"; };
		8679DD5F289FCAC9009E3022 /* PlayerImpl.hpp */ = {isa = PBXFileReference; fileEncoding = 4; lastKnownFileType = sourcecode.cpp.h; path = PlayerImpl.hpp; sourceTree = "<group>"; };
		8679DD60289FCAC9009E3022 /* Data.hpp */ = {isa = PBXFileReference; fileEncoding = 4; lastKnownFileType = sourcecode.cpp.h; path = Data.hpp; sourceTree = "<group>"; };
		8679DD61289FCAC9009E3022 /* IOManager.hpp */ = {isa = PBXFileReference; fileEncoding = 4; lastKnownFileType = sourcecode.cpp.h; path = IOManager.hpp; sourceTree = "<group>"; };
		8679DD62289FCAC9009E3022 /* Player.hpp */ = {isa = PBXFileReference; fileEncoding = 4; lastKnownFileType = sourcecode.cpp.h; path = Player.hpp; sourceTree = "<group>"; };
		8679DD63289FCAC9009E3022 /* MediaUtility.hpp */ = {isa = PBXFileReference; fileEncoding = 4; lastKnownFileType = sourcecode.cpp.h; path = MediaUtility.hpp; sourceTree = "<group>"; };
		8679DD64289FCAC9009E3022 /* IDemuxer.hpp */ = {isa = PBXFileReference; fileEncoding = 4; lastKnownFileType = sourcecode.cpp.h; path = IDemuxer.hpp; sourceTree = "<group>"; };
		8679DD65289FCAC9009E3022 /* TransportEvent.hpp */ = {isa = PBXFileReference; fileEncoding = 4; lastKnownFileType = sourcecode.cpp.h; path = TransportEvent.hpp; sourceTree = "<group>"; };
		8679DD67289FCAC9009E3022 /* IOManager.cpp */ = {isa = PBXFileReference; fileEncoding = 4; lastKnownFileType = sourcecode.cpp.cpp; path = IOManager.cpp; sourceTree = "<group>"; };
		8679DD68289FCAC9009E3022 /* Player.cpp */ = {isa = PBXFileReference; fileEncoding = 4; lastKnownFileType = sourcecode.cpp.cpp; path = Player.cpp; sourceTree = "<group>"; };
		8679DD69289FCAC9009E3022 /* MediaUtility.cpp */ = {isa = PBXFileReference; fileEncoding = 4; lastKnownFileType = sourcecode.cpp.cpp; path = MediaUtility.cpp; sourceTree = "<group>"; };
		8679DD6A289FCAC9009E3022 /* MediaDefs.cpp */ = {isa = PBXFileReference; fileEncoding = 4; lastKnownFileType = sourcecode.cpp.cpp; path = MediaDefs.cpp; sourceTree = "<group>"; };
		8679DD6B289FCAC9009E3022 /* PlayerImpl.cpp */ = {isa = PBXFileReference; fileEncoding = 4; lastKnownFileType = sourcecode.cpp.cpp; path = PlayerImpl.cpp; sourceTree = "<group>"; };
		8679DD6C289FCAC9009E3022 /* WavDemuxer.cpp */ = {isa = PBXFileReference; fileEncoding = 4; lastKnownFileType = sourcecode.cpp.cpp; path = WavDemuxer.cpp; sourceTree = "<group>"; };
		8679DD6D289FCAC9009E3022 /* DecoderManager.cpp */ = {isa = PBXFileReference; fileEncoding = 4; lastKnownFileType = sourcecode.cpp.cpp; path = DecoderManager.cpp; sourceTree = "<group>"; };
		8679DD6E289FCAC9009E3022 /* AVFrameDeque.cpp */ = {isa = PBXFileReference; fileEncoding = 4; lastKnownFileType = sourcecode.cpp.cpp; path = AVFrameDeque.cpp; sourceTree = "<group>"; };
		8679DD6F289FCAC9009E3022 /* DemuxerManager.cpp */ = {isa = PBXFileReference; fileEncoding = 4; lastKnownFileType = sourcecode.cpp.cpp; path = DemuxerManager.cpp; sourceTree = "<group>"; };
		8679DD70289FCAC9009E3022 /* FileHandler.cpp */ = {isa = PBXFileReference; fileEncoding = 4; lastKnownFileType = sourcecode.cpp.cpp; path = FileHandler.cpp; sourceTree = "<group>"; };
		8679DD79289FCAC9009E3022 /* RingBuffer.hpp */ = {isa = PBXFileReference; fileEncoding = 4; lastKnownFileType = sourcecode.cpp.h; path = RingBuffer.hpp; sourceTree = "<group>"; };
		8679DD7A289FCAC9009E3022 /* Utility.hpp */ = {isa = PBXFileReference; fileEncoding = 4; lastKnownFileType = sourcecode.cpp.h; path = Utility.hpp; sourceTree = "<group>"; };
		8679DD7B289FCAC9009E3022 /* Time.hpp */ = {isa = PBXFileReference; fileEncoding = 4; lastKnownFileType = sourcecode.cpp.h; path = Time.hpp; sourceTree = "<group>"; };
		8679DD7C289FCAC9009E3022 /* FileUtility.hpp */ = {isa = PBXFileReference; fileEncoding = 4; lastKnownFileType = sourcecode.cpp.h; path = FileUtility.hpp; sourceTree = "<group>"; };
		8679DD7D289FCAC9009E3022 /* File.hpp */ = {isa = PBXFileReference; fileEncoding = 4; lastKnownFileType = sourcecode.cpp.h; path = File.hpp; sourceTree = "<group>"; };
		8679DD7E289FCAC9009E3022 /* ThreadManager.hpp */ = {isa = PBXFileReference; fileEncoding = 4; lastKnownFileType = sourcecode.cpp.h; path = ThreadManager.hpp; sourceTree = "<group>"; };
		8679DD7F289FCAC9009E3022 /* Reflection.hpp */ = {isa = PBXFileReference; fileEncoding = 4; lastKnownFileType = sourcecode.cpp.h; path = Reflection.hpp; sourceTree = "<group>"; };
		8679DD80289FCAC9009E3022 /* Timer.hpp */ = {isa = PBXFileReference; fileEncoding = 4; lastKnownFileType = sourcecode.cpp.h; path = Timer.hpp; sourceTree = "<group>"; };
		8679DD81289FCAC9009E3022 /* TimerPool.hpp */ = {isa = PBXFileReference; fileEncoding = 4; lastKnownFileType = sourcecode.cpp.h; path = TimerPool.hpp; sourceTree = "<group>"; };
		8679DD82289FCAC9009E3022 /* TimerManager.hpp */ = {isa = PBXFileReference; fileEncoding = 4; lastKnownFileType = sourcecode.cpp.h; path = TimerManager.hpp; sourceTree = "<group>"; };
		8679DD83289FCAC9009E3022 /* Thread.hpp */ = {isa = PBXFileReference; fileEncoding = 4; lastKnownFileType = sourcecode.cpp.h; path = Thread.hpp; sourceTree = "<group>"; };
		8679DD84289FCAC9009E3022 /* Log.hpp */ = {isa = PBXFileReference; fileEncoding = 4; lastKnownFileType = sourcecode.cpp.h; path = Log.hpp; sourceTree = "<group>"; };
		8679DD85289FCAC9009E3022 /* NonCopyable.hpp */ = {isa = PBXFileReference; fileEncoding = 4; lastKnownFileType = sourcecode.cpp.h; path = NonCopyable.hpp; sourceTree = "<group>"; };
		8679DD87289FCAC9009E3022 /* TimerManager.cpp */ = {isa = PBXFileReference; fileEncoding = 4; lastKnownFileType = sourcecode.cpp.cpp; path = TimerManager.cpp; sourceTree = "<group>"; };
		8679DD88289FCAC9009E3022 /* Thread.cpp */ = {isa = PBXFileReference; fileEncoding = 4; lastKnownFileType = sourcecode.cpp.cpp; path = Thread.cpp; sourceTree = "<group>"; };
		8679DD89289FCAC9009E3022 /* Log.cpp */ = {isa = PBXFileReference; fileEncoding = 4; lastKnownFileType = sourcecode.cpp.cpp; path = Log.cpp; sourceTree = "<group>"; };
		8679DD8A289FCAC9009E3022 /* Timer.cpp */ = {isa = PBXFileReference; fileEncoding = 4; lastKnownFileType = sourcecode.cpp.cpp; path = Timer.cpp; sourceTree = "<group>"; };
		8679DD8B289FCAC9009E3022 /* TimerPool.cpp */ = {isa = PBXFileReference; fileEncoding = 4; lastKnownFileType = sourcecode.cpp.cpp; path = TimerPool.cpp; sourceTree = "<group>"; };
		8679DD8C289FCAC9009E3022 /* File.cpp */ = {isa = PBXFileReference; fileEncoding = 4; lastKnownFileType = sourcecode.cpp.cpp; path = File.cpp; sourceTree = "<group>"; };
		8679DD8D289FCAC9009E3022 /* ThreadManager.cpp */ = {isa = PBXFileReference; fileEncoding = 4; lastKnownFileType = sourcecode.cpp.cpp; path = ThreadManager.cpp; sourceTree = "<group>"; };
		8679DD8E289FCAC9009E3022 /* Utility.cpp */ = {isa = PBXFileReference; fileEncoding = 4; lastKnownFileType = sourcecode.cpp.cpp; path = Utility.cpp; sourceTree = "<group>"; };
		8679DD8F289FCAC9009E3022 /* FileUtility.cpp */ = {isa = PBXFileReference; fileEncoding = 4; lastKnownFileType = sourcecode.cpp.cpp; path = FileUtility.cpp; sourceTree = "<group>"; };
		8679DD90289FCAC9009E3022 /* Time.cpp */ = {isa = PBXFileReference; fileEncoding = 4; lastKnownFileType = sourcecode.cpp.cpp; path = Time.cpp; sourceTree = "<group>"; };
		8679DD92289FCAC9009E3022 /* date.h */ = {isa = PBXFileReference; fileEncoding = 4; lastKnownFileType = sourcecode.c.h; path = date.h; sourceTree = "<group>"; };
		8679DDCD289FD0BB009E3022 /* RawDecoder.hpp */ = {isa = PBXFileReference; lastKnownFileType = sourcecode.cpp.h; path = RawDecoder.hpp; sourceTree = "<group>"; };
		8679DDCF289FD274009E3022 /* RawDecoder.cpp */ = {isa = PBXFileReference; lastKnownFileType = sourcecode.cpp.cpp; path = RawDecoder.cpp; sourceTree = "<group>"; };
		8679DDD228A7E665009E3022 /* AudioRender.mm */ = {isa = PBXFileReference; lastKnownFileType = sourcecode.cpp.objcpp; path = AudioRender.mm; sourceTree = "<group>"; };
		8679DDD528A7E6BC009E3022 /* AudioToolbox.framework */ = {isa = PBXFileReference; lastKnownFileType = wrapper.framework; name = AudioToolbox.framework; path = Platforms/MacOSX.platform/Developer/SDKs/MacOSX12.1.sdk/System/Library/Frameworks/AudioToolbox.framework; sourceTree = DEVELOPER_DIR; };
		8679DDD728AA4C94009E3022 /* AudioRender.h */ = {isa = PBXFileReference; lastKnownFileType = sourcecode.c.h; path = AudioRender.h; sourceTree = "<group>"; };
		8679DDD928AA5127009E3022 /* InternalLog.hpp */ = {isa = PBXFileReference; lastKnownFileType = sourcecode.cpp.h; path = InternalLog.hpp; sourceTree = "<group>"; };
		8679DDDB28AA51AA009E3022 /* InternalLog.mm */ = {isa = PBXFileReference; lastKnownFileType = sourcecode.cpp.objcpp; path = InternalLog.mm; sourceTree = "<group>"; };
		8679DDE428AC9538009E3022 /* AudioComponent.hpp */ = {isa = PBXFileReference; lastKnownFileType = sourcecode.cpp.h; path = AudioComponent.hpp; sourceTree = "<group>"; };
		8679DDEB28ADE896009E3022 /* AudioRenderNode.mm */ = {isa = PBXFileReference; lastKnownFileType = sourcecode.cpp.objcpp; path = AudioRenderNode.mm; sourceTree = "<group>"; };
		86B3A4C028B62D4B00DC360E /* AudioNode.hpp */ = {isa = PBXFileReference; lastKnownFileType = sourcecode.cpp.h; path = AudioNode.hpp; sourceTree = "<group>"; };
		86B3A4C228B62DBA00DC360E /* AudioNode.cpp */ = {isa = PBXFileReference; lastKnownFileType = sourcecode.cpp.cpp; path = AudioNode.cpp; sourceTree = "<group>"; };
/* End PBXFileReference section */

/* Begin PBXFrameworksBuildPhase section */
		8679DD45289FCA4D009E3022 /* Frameworks */ = {
			isa = PBXFrameworksBuildPhase;
			buildActionMask = 2147483647;
			files = (
				8679DDD628A7E6BC009E3022 /* AudioToolbox.framework in Frameworks */,
			);
			runOnlyForDeploymentPostprocessing = 0;
		};
/* End PBXFrameworksBuildPhase section */

/* Begin PBXGroup section */
		8679DD3E289FCA4D009E3022 = {
			isa = PBXGroup;
			children = (
				8679DD4A289FCA4E009E3022 /* Slark */,
				8679DD49289FCA4E009E3022 /* Products */,
				8679DDD428A7E6BC009E3022 /* Frameworks */,
			);
			sourceTree = "<group>";
		};
		8679DD49289FCA4E009E3022 /* Products */ = {
			isa = PBXGroup;
			children = (
				8679DD48289FCA4E009E3022 /* Slark.framework */,
			);
			name = Products;
			sourceTree = "<group>";
		};
		8679DD4A289FCA4E009E3022 /* Slark */ = {
			isa = PBXGroup;
			children = (
				8679DD71289FCAC9009E3022 /* base */,
				8679DD52289FCAC9009E3022 /* core */,
				8679DD91289FCAC9009E3022 /* third_party */,
			);
			path = Slark;
			sourceTree = "<group>";
		};
		8679DD52289FCAC9009E3022 /* core */ = {
			isa = PBXGroup;
			children = (
				8679DDD128A27CAF009E3022 /* AudioEngine */,
				8679DD53289FCAC9009E3022 /* headers */,
				8679DD66289FCAC9009E3022 /* src */,
			);
			name = core;
			path = ../../../core;
			sourceTree = "<group>";
		};
		8679DD53289FCAC9009E3022 /* headers */ = {
			isa = PBXGroup;
			children = (
				8679DD54289FCAC9009E3022 /* DemuxerManager.hpp */,
				8679DD55289FCAC9009E3022 /* AVFrame.hpp */,
				8679DD56289FCAC9009E3022 /* Type.hpp */,
				8679DD57289FCAC9009E3022 /* IDecoder.hpp */,
				8679DD58289FCAC9009E3022 /* FileHandler.hpp */,
				8679DD59289FCAC9009E3022 /* WavDemuxer.hpp */,
				8679DD5A289FCAC9009E3022 /* DecoderManager.hpp */,
				8679DD5B289FCAC9009E3022 /* IOHandler.hpp */,
				8679DD5C289FCAC9009E3022 /* AVFrameDeque.hpp */,
				8679DD5D289FCAC9009E3022 /* BaseClass.hpp */,
				8679DD5E289FCAC9009E3022 /* MediaDefs.hpp */,
				8679DD5F289FCAC9009E3022 /* PlayerImpl.hpp */,
				8679DD60289FCAC9009E3022 /* Data.hpp */,
				8679DD61289FCAC9009E3022 /* IOManager.hpp */,
				8679DD62289FCAC9009E3022 /* Player.hpp */,
				8679DD63289FCAC9009E3022 /* MediaUtility.hpp */,
				8679DD64289FCAC9009E3022 /* IDemuxer.hpp */,
				8679DD65289FCAC9009E3022 /* TransportEvent.hpp */,
				8679DDCD289FD0BB009E3022 /* RawDecoder.hpp */,
				864A316D28B3998200C46DED /* AudioInfo.hpp */,
				864A316F28B399C700C46DED /* VideoInfo.hpp */,
			);
			path = headers;
			sourceTree = "<group>";
		};
		8679DD66289FCAC9009E3022 /* src */ = {
			isa = PBXGroup;
			children = (
				8679DD67289FCAC9009E3022 /* IOManager.cpp */,
				8679DD68289FCAC9009E3022 /* Player.cpp */,
				8679DD69289FCAC9009E3022 /* MediaUtility.cpp */,
				8679DD6A289FCAC9009E3022 /* MediaDefs.cpp */,
				8679DD6B289FCAC9009E3022 /* PlayerImpl.cpp */,
				8679DD6C289FCAC9009E3022 /* WavDemuxer.cpp */,
				8679DD6D289FCAC9009E3022 /* DecoderManager.cpp */,
				8679DD6E289FCAC9009E3022 /* AVFrameDeque.cpp */,
				8679DD6F289FCAC9009E3022 /* DemuxerManager.cpp */,
				8679DD70289FCAC9009E3022 /* FileHandler.cpp */,
				8679DDCF289FD274009E3022 /* RawDecoder.cpp */,
			);
			path = src;
			sourceTree = "<group>";
		};
		8679DD71289FCAC9009E3022 /* base */ = {
			isa = PBXGroup;
			children = (
				8679DDDD28AA5606009E3022 /* platform */,
				8679DD78289FCAC9009E3022 /* headers */,
				8679DD86289FCAC9009E3022 /* src */,
			);
			name = base;
			path = ../../../base;
			sourceTree = "<group>";
		};
		8679DD78289FCAC9009E3022 /* headers */ = {
			isa = PBXGroup;
			children = (
				8679DD79289FCAC9009E3022 /* RingBuffer.hpp */,
				8679DD7A289FCAC9009E3022 /* Utility.hpp */,
				8679DD7B289FCAC9009E3022 /* Time.hpp */,
				8679DD7C289FCAC9009E3022 /* FileUtility.hpp */,
				8679DD7D289FCAC9009E3022 /* File.hpp */,
				8679DD7E289FCAC9009E3022 /* ThreadManager.hpp */,
				8679DD7F289FCAC9009E3022 /* Reflection.hpp */,
				8679DD80289FCAC9009E3022 /* Timer.hpp */,
				8679DD81289FCAC9009E3022 /* TimerPool.hpp */,
				8679DD82289FCAC9009E3022 /* TimerManager.hpp */,
				8679DD83289FCAC9009E3022 /* Thread.hpp */,
				8679DD84289FCAC9009E3022 /* Log.hpp */,
				8679DD85289FCAC9009E3022 /* NonCopyable.hpp */,
			);
			path = headers;
			sourceTree = "<group>";
		};
		8679DD86289FCAC9009E3022 /* src */ = {
			isa = PBXGroup;
			children = (
				8679DD87289FCAC9009E3022 /* TimerManager.cpp */,
				8679DD88289FCAC9009E3022 /* Thread.cpp */,
				8679DD89289FCAC9009E3022 /* Log.cpp */,
				8679DD8A289FCAC9009E3022 /* Timer.cpp */,
				8679DD8B289FCAC9009E3022 /* TimerPool.cpp */,
				8679DD8C289FCAC9009E3022 /* File.cpp */,
				8679DD8D289FCAC9009E3022 /* ThreadManager.cpp */,
				8679DD8E289FCAC9009E3022 /* Utility.cpp */,
				8679DD8F289FCAC9009E3022 /* FileUtility.cpp */,
				8679DD90289FCAC9009E3022 /* Time.cpp */,
			);
			path = src;
			sourceTree = "<group>";
		};
		8679DD91289FCAC9009E3022 /* third_party */ = {
			isa = PBXGroup;
			children = (
				8679DD92289FCAC9009E3022 /* date.h */,
			);
			name = third_party;
			path = ../../../third_party;
			sourceTree = "<group>";
		};
		8679DDCC289FCD96009E3022 /* iOS */ = {
			isa = PBXGroup;
			children = (
				8679DDD228A7E665009E3022 /* AudioRender.mm */,
				8679DDD728AA4C94009E3022 /* AudioRender.h */,
				8679DDEB28ADE896009E3022 /* AudioRenderNode.mm */,
				864A316728AF32D300C46DED /* AudioRenderNode.h */,
				864A317128B39E0300C46DED /* AudioDescription.h */,
				864A317328B39F6A00C46DED /* AudioDescription.mm */,
			);
			path = iOS;
			sourceTree = "<group>";
		};
		8679DDD128A27CAF009E3022 /* AudioEngine */ = {
			isa = PBXGroup;
			children = (
				864A316928AF686800C46DED /* AudioDefine.h */,
				8679DDE428AC9538009E3022 /* AudioComponent.hpp */,
				864A316B28AFA11400C46DED /* AudioComponent.cpp */,
				86B3A4C028B62D4B00DC360E /* AudioNode.hpp */,
				86B3A4C228B62DBA00DC360E /* AudioNode.cpp */,
				8679DDCC289FCD96009E3022 /* iOS */,
			);
			path = AudioEngine;
			sourceTree = "<group>";
		};
		8679DDD428A7E6BC009E3022 /* Frameworks */ = {
			isa = PBXGroup;
			children = (
				8679DDD528A7E6BC009E3022 /* AudioToolbox.framework */,
			);
			name = Frameworks;
			sourceTree = "<group>";
		};
		8679DDDD28AA5606009E3022 /* platform */ = {
			isa = PBXGroup;
			children = (
				8679DDDE28AA5611009E3022 /* iOS */,
			);
			path = platform;
			sourceTree = "<group>";
		};
		8679DDDE28AA5611009E3022 /* iOS */ = {
			isa = PBXGroup;
			children = (
				8679DDD928AA5127009E3022 /* InternalLog.hpp */,
				8679DDDB28AA51AA009E3022 /* InternalLog.mm */,
			);
			path = iOS;
			sourceTree = "<group>";
		};
/* End PBXGroup section */

/* Begin PBXHeadersBuildPhase section */
		8679DD43289FCA4D009E3022 /* Headers */ = {
			isa = PBXHeadersBuildPhase;
			buildActionMask = 2147483647;
			files = (
				864A316A28AF686800C46DED /* AudioDefine.h in Headers */,
				8679DD9B289FCAC9009E3022 /* AVFrameDeque.hpp in Headers */,
				8679DDBD289FCAC9009E3022 /* TimerManager.hpp in Headers */,
				8679DD99289FCAC9009E3022 /* DecoderManager.hpp in Headers */,
				8679DDBF289FCAC9009E3022 /* Log.hpp in Headers */,
				8679DDCE289FD0BB009E3022 /* RawDecoder.hpp in Headers */,
				8679DDA0289FCAC9009E3022 /* IOManager.hpp in Headers */,
				8679DDBB289FCAC9009E3022 /* Timer.hpp in Headers */,
				8679DD9C289FCAC9009E3022 /* BaseClass.hpp in Headers */,
				8679DD9A289FCAC9009E3022 /* IOHandler.hpp in Headers */,
				8679DDB5289FCAC9009E3022 /* Utility.hpp in Headers */,
				8679DDA4289FCAC9009E3022 /* TransportEvent.hpp in Headers */,
				8679DDD828AA4C94009E3022 /* AudioRender.h in Headers */,
				8679DD98289FCAC9009E3022 /* WavDemuxer.hpp in Headers */,
				8679DD93289FCAC9009E3022 /* DemuxerManager.hpp in Headers */,
				8679DD97289FCAC9009E3022 /* FileHandler.hpp in Headers */,
				8679DDCB289FCAC9009E3022 /* date.h in Headers */,
				8679DDA3289FCAC9009E3022 /* IDemuxer.hpp in Headers */,
				8679DDB6289FCAC9009E3022 /* Time.hpp in Headers */,
				8679DDC0289FCAC9009E3022 /* NonCopyable.hpp in Headers */,
				864A317028B399C700C46DED /* VideoInfo.hpp in Headers */,
				8679DD9E289FCAC9009E3022 /* PlayerImpl.hpp in Headers */,
				8679DDB7289FCAC9009E3022 /* FileUtility.hpp in Headers */,
				8679DDA1289FCAC9009E3022 /* Player.hpp in Headers */,
				864A316828AF32D300C46DED /* AudioRenderNode.h in Headers */,
				8679DDE628AC9538009E3022 /* AudioComponent.hpp in Headers */,
				8679DDB4289FCAC9009E3022 /* RingBuffer.hpp in Headers */,
				864A317228B39E0300C46DED /* AudioDescription.h in Headers */,
				8679DDB8289FCAC9009E3022 /* File.hpp in Headers */,
				864A316E28B3998200C46DED /* AudioInfo.hpp in Headers */,
				8679DDBA289FCAC9009E3022 /* Reflection.hpp in Headers */,
				8679DDA2289FCAC9009E3022 /* MediaUtility.hpp in Headers */,
				8679DDBC289FCAC9009E3022 /* TimerPool.hpp in Headers */,
				8679DDDA28AA5127009E3022 /* InternalLog.hpp in Headers */,
				8679DDBE289FCAC9009E3022 /* Thread.hpp in Headers */,
				8679DD96289FCAC9009E3022 /* IDecoder.hpp in Headers */,
				8679DDB9289FCAC9009E3022 /* ThreadManager.hpp in Headers */,
				8679DD9F289FCAC9009E3022 /* Data.hpp in Headers */,
				8679DD9D289FCAC9009E3022 /* MediaDefs.hpp in Headers */,
				8679DD95289FCAC9009E3022 /* Type.hpp in Headers */,
				8679DD94289FCAC9009E3022 /* AVFrame.hpp in Headers */,
				86B3A4C128B62D4B00DC360E /* AudioNode.hpp in Headers */,
			);
			runOnlyForDeploymentPostprocessing = 0;
		};
/* End PBXHeadersBuildPhase section */

/* Begin PBXNativeTarget section */
		8679DD47289FCA4D009E3022 /* Slark */ = {
			isa = PBXNativeTarget;
			buildConfigurationList = 8679DD4F289FCA4E009E3022 /* Build configuration list for PBXNativeTarget "Slark" */;
			buildPhases = (
				8679DD43289FCA4D009E3022 /* Headers */,
				8679DD44289FCA4D009E3022 /* Sources */,
				8679DD45289FCA4D009E3022 /* Frameworks */,
				8679DD46289FCA4D009E3022 /* Resources */,
			);
			buildRules = (
			);
			dependencies = (
			);
			name = Slark;
			productName = Slark;
			productReference = 8679DD48289FCA4E009E3022 /* Slark.framework */;
			productType = "com.apple.product-type.framework";
		};
/* End PBXNativeTarget section */

/* Begin PBXProject section */
		8679DD3F289FCA4D009E3022 /* Project object */ = {
			isa = PBXProject;
			attributes = {
				BuildIndependentTargetsInParallel = 1;
				LastUpgradeCheck = 1320;
				TargetAttributes = {
					8679DD47289FCA4D009E3022 = {
						CreatedOnToolsVersion = 13.2.1;
					};
				};
			};
			buildConfigurationList = 8679DD42289FCA4D009E3022 /* Build configuration list for PBXProject "Slark" */;
			compatibilityVersion = "Xcode 13.0";
			developmentRegion = en;
			hasScannedForEncodings = 0;
			knownRegions = (
				en,
				Base,
			);
			mainGroup = 8679DD3E289FCA4D009E3022;
			productRefGroup = 8679DD49289FCA4E009E3022 /* Products */;
			projectDirPath = "";
			projectRoot = "";
			targets = (
				8679DD47289FCA4D009E3022 /* Slark */,
			);
		};
/* End PBXProject section */

/* Begin PBXResourcesBuildPhase section */
		8679DD46289FCA4D009E3022 /* Resources */ = {
			isa = PBXResourcesBuildPhase;
			buildActionMask = 2147483647;
			files = (
			);
			runOnlyForDeploymentPostprocessing = 0;
		};
/* End PBXResourcesBuildPhase section */

/* Begin PBXSourcesBuildPhase section */
		8679DD44289FCA4D009E3022 /* Sources */ = {
			isa = PBXSourcesBuildPhase;
			buildActionMask = 2147483647;
			files = (
				8679DDA8289FCAC9009E3022 /* MediaDefs.cpp in Sources */,
				8679DDDC28AA51AA009E3022 /* InternalLog.mm in Sources */,
				8679DDC1289FCAC9009E3022 /* TimerManager.cpp in Sources */,
				8679DDA6289FCAC9009E3022 /* Player.cpp in Sources */,
				8679DDAB289FCAC9009E3022 /* DecoderManager.cpp in Sources */,
				86B3A4C328B62DBA00DC360E /* AudioNode.cpp in Sources */,
				8679DDEC28ADE896009E3022 /* AudioRenderNode.mm in Sources */,
				8679DDCA289FCAC9009E3022 /* Time.cpp in Sources */,
				8679DDC3289FCAC9009E3022 /* Log.cpp in Sources */,
				8679DDD0289FD274009E3022 /* RawDecoder.cpp in Sources */,
				8679DDC7289FCAC9009E3022 /* ThreadManager.cpp in Sources */,
				8679DDD328A7E665009E3022 /* AudioRender.mm in Sources */,
				8679DDA9289FCAC9009E3022 /* PlayerImpl.cpp in Sources */,
				8679DDA7289FCAC9009E3022 /* MediaUtility.cpp in Sources */,
				8679DDC6289FCAC9009E3022 /* File.cpp in Sources */,
				864A316C28AFA11400C46DED /* AudioComponent.cpp in Sources */,
				8679DDA5289FCAC9009E3022 /* IOManager.cpp in Sources */,
				8679DDC8289FCAC9009E3022 /* Utility.cpp in Sources */,
				8679DDC2289FCAC9009E3022 /* Thread.cpp in Sources */,
				8679DDC4289FCAC9009E3022 /* Timer.cpp in Sources */,
				8679DDAE289FCAC9009E3022 /* FileHandler.cpp in Sources */,
				8679DDAA289FCAC9009E3022 /* WavDemuxer.cpp in Sources */,
				8679DDAD289FCAC9009E3022 /* DemuxerManager.cpp in Sources */,
				8679DDAC289FCAC9009E3022 /* AVFrameDeque.cpp in Sources */,
				8679DDC5289FCAC9009E3022 /* TimerPool.cpp in Sources */,
				8679DDC9289FCAC9009E3022 /* FileUtility.cpp in Sources */,
				864A317428B39F6A00C46DED /* AudioDescription.mm in Sources */,
			);
			runOnlyForDeploymentPostprocessing = 0;
		};
/* End PBXSourcesBuildPhase section */

/* Begin XCBuildConfiguration section */
		8679DD4D289FCA4E009E3022 /* Debug */ = {
			isa = XCBuildConfiguration;
			buildSettings = {
				ALWAYS_SEARCH_USER_PATHS = NO;
				CLANG_ANALYZER_NONNULL = YES;
				CLANG_ANALYZER_NUMBER_OBJECT_CONVERSION = YES_AGGRESSIVE;
				CLANG_CXX_LANGUAGE_STANDARD = "gnu++17";
				CLANG_CXX_LIBRARY = "libc++";
				CLANG_ENABLE_MODULES = YES;
				CLANG_ENABLE_OBJC_ARC = YES;
				CLANG_ENABLE_OBJC_WEAK = YES;
				CLANG_WARN_BLOCK_CAPTURE_AUTORELEASING = YES;
				CLANG_WARN_BOOL_CONVERSION = YES;
				CLANG_WARN_COMMA = YES;
				CLANG_WARN_CONSTANT_CONVERSION = YES;
				CLANG_WARN_DEPRECATED_OBJC_IMPLEMENTATIONS = YES;
				CLANG_WARN_DIRECT_OBJC_ISA_USAGE = YES_ERROR;
				CLANG_WARN_DOCUMENTATION_COMMENTS = YES;
				CLANG_WARN_EMPTY_BODY = YES;
				CLANG_WARN_ENUM_CONVERSION = YES;
				CLANG_WARN_INFINITE_RECURSION = YES;
				CLANG_WARN_INT_CONVERSION = YES;
				CLANG_WARN_NON_LITERAL_NULL_CONVERSION = YES;
				CLANG_WARN_OBJC_IMPLICIT_RETAIN_SELF = YES;
				CLANG_WARN_OBJC_LITERAL_CONVERSION = YES;
				CLANG_WARN_OBJC_ROOT_CLASS = YES_ERROR;
				CLANG_WARN_QUOTED_INCLUDE_IN_FRAMEWORK_HEADER = YES;
				CLANG_WARN_RANGE_LOOP_ANALYSIS = YES;
				CLANG_WARN_STRICT_PROTOTYPES = YES;
				CLANG_WARN_SUSPICIOUS_MOVE = YES;
				CLANG_WARN_UNGUARDED_AVAILABILITY = YES_AGGRESSIVE;
				CLANG_WARN_UNREACHABLE_CODE = YES;
				CLANG_WARN__DUPLICATE_METHOD_MATCH = YES;
				COPY_PHASE_STRIP = NO;
				CURRENT_PROJECT_VERSION = 1;
				DEBUG_INFORMATION_FORMAT = dwarf;
				ENABLE_STRICT_OBJC_MSGSEND = YES;
				ENABLE_TESTABILITY = YES;
				GCC_C_LANGUAGE_STANDARD = gnu11;
				GCC_DYNAMIC_NO_PIC = NO;
				GCC_NO_COMMON_BLOCKS = YES;
				GCC_OPTIMIZATION_LEVEL = 0;
				GCC_PREPROCESSOR_DEFINITIONS = (
					"DEBUG=1",
					"$(inherited)",
				);
				GCC_WARN_64_TO_32_BIT_CONVERSION = YES;
				GCC_WARN_ABOUT_RETURN_TYPE = YES_ERROR;
				GCC_WARN_UNDECLARED_SELECTOR = YES;
				GCC_WARN_UNINITIALIZED_AUTOS = YES_AGGRESSIVE;
				GCC_WARN_UNUSED_FUNCTION = YES;
				GCC_WARN_UNUSED_VARIABLE = YES;
				IPHONEOS_DEPLOYMENT_TARGET = 15.2;
				MTL_ENABLE_DEBUG_INFO = INCLUDE_SOURCE;
				MTL_FAST_MATH = YES;
				ONLY_ACTIVE_ARCH = YES;
				SDKROOT = iphoneos;
				VERSIONING_SYSTEM = "apple-generic";
				VERSION_INFO_PREFIX = "";
			};
			name = Debug;
		};
		8679DD4E289FCA4E009E3022 /* Release */ = {
			isa = XCBuildConfiguration;
			buildSettings = {
				ALWAYS_SEARCH_USER_PATHS = NO;
				CLANG_ANALYZER_NONNULL = YES;
				CLANG_ANALYZER_NUMBER_OBJECT_CONVERSION = YES_AGGRESSIVE;
				CLANG_CXX_LANGUAGE_STANDARD = "gnu++17";
				CLANG_CXX_LIBRARY = "libc++";
				CLANG_ENABLE_MODULES = YES;
				CLANG_ENABLE_OBJC_ARC = YES;
				CLANG_ENABLE_OBJC_WEAK = YES;
				CLANG_WARN_BLOCK_CAPTURE_AUTORELEASING = YES;
				CLANG_WARN_BOOL_CONVERSION = YES;
				CLANG_WARN_COMMA = YES;
				CLANG_WARN_CONSTANT_CONVERSION = YES;
				CLANG_WARN_DEPRECATED_OBJC_IMPLEMENTATIONS = YES;
				CLANG_WARN_DIRECT_OBJC_ISA_USAGE = YES_ERROR;
				CLANG_WARN_DOCUMENTATION_COMMENTS = YES;
				CLANG_WARN_EMPTY_BODY = YES;
				CLANG_WARN_ENUM_CONVERSION = YES;
				CLANG_WARN_INFINITE_RECURSION = YES;
				CLANG_WARN_INT_CONVERSION = YES;
				CLANG_WARN_NON_LITERAL_NULL_CONVERSION = YES;
				CLANG_WARN_OBJC_IMPLICIT_RETAIN_SELF = YES;
				CLANG_WARN_OBJC_LITERAL_CONVERSION = YES;
				CLANG_WARN_OBJC_ROOT_CLASS = YES_ERROR;
				CLANG_WARN_QUOTED_INCLUDE_IN_FRAMEWORK_HEADER = YES;
				CLANG_WARN_RANGE_LOOP_ANALYSIS = YES;
				CLANG_WARN_STRICT_PROTOTYPES = YES;
				CLANG_WARN_SUSPICIOUS_MOVE = YES;
				CLANG_WARN_UNGUARDED_AVAILABILITY = YES_AGGRESSIVE;
				CLANG_WARN_UNREACHABLE_CODE = YES;
				CLANG_WARN__DUPLICATE_METHOD_MATCH = YES;
				COPY_PHASE_STRIP = NO;
				CURRENT_PROJECT_VERSION = 1;
				DEBUG_INFORMATION_FORMAT = "dwarf-with-dsym";
				ENABLE_NS_ASSERTIONS = NO;
				ENABLE_STRICT_OBJC_MSGSEND = YES;
				GCC_C_LANGUAGE_STANDARD = gnu11;
				GCC_NO_COMMON_BLOCKS = YES;
				GCC_WARN_64_TO_32_BIT_CONVERSION = YES;
				GCC_WARN_ABOUT_RETURN_TYPE = YES_ERROR;
				GCC_WARN_UNDECLARED_SELECTOR = YES;
				GCC_WARN_UNINITIALIZED_AUTOS = YES_AGGRESSIVE;
				GCC_WARN_UNUSED_FUNCTION = YES;
				GCC_WARN_UNUSED_VARIABLE = YES;
				IPHONEOS_DEPLOYMENT_TARGET = 15.2;
				MTL_ENABLE_DEBUG_INFO = NO;
				MTL_FAST_MATH = YES;
				SDKROOT = iphoneos;
				VALIDATE_PRODUCT = YES;
				VERSIONING_SYSTEM = "apple-generic";
				VERSION_INFO_PREFIX = "";
			};
			name = Release;
		};
		8679DD50289FCA4E009E3022 /* Debug */ = {
			isa = XCBuildConfiguration;
			buildSettings = {
				CODE_SIGN_STYLE = Automatic;
				CURRENT_PROJECT_VERSION = 1;
				DEFINES_MODULE = YES;
				DEVELOPMENT_TEAM = N5DK4KP42W;
				DYLIB_COMPATIBILITY_VERSION = 1;
				DYLIB_CURRENT_VERSION = 1;
				DYLIB_INSTALL_NAME_BASE = "@rpath";
				GENERATE_INFOPLIST_FILE = YES;
				INFOPLIST_KEY_NSHumanReadableCopyright = "";
				INSTALL_PATH = "$(LOCAL_LIBRARY_DIR)/Frameworks";
				IPHONEOS_DEPLOYMENT_TARGET = 13.0;
				LD_RUNPATH_SEARCH_PATHS = (
					"$(inherited)",
					"@executable_path/Frameworks",
					"@loader_path/Frameworks",
				);
				MACOSX_DEPLOYMENT_TARGET = 11.0;
				MARKETING_VERSION = 1.0;
				PRODUCT_BUNDLE_IDENTIFIER = com.Nevermore.sdk.Slark;
				PRODUCT_NAME = "$(TARGET_NAME:c99extidentifier)";
				SKIP_INSTALL = YES;
				SWIFT_EMIT_LOC_STRINGS = YES;
				TARGETED_DEVICE_FAMILY = 1;
			};
			name = Debug;
		};
		8679DD51289FCA4E009E3022 /* Release */ = {
			isa = XCBuildConfiguration;
			buildSettings = {
				CODE_SIGN_STYLE = Automatic;
				CURRENT_PROJECT_VERSION = 1;
				DEFINES_MODULE = YES;
				DEVELOPMENT_TEAM = N5DK4KP42W;
				DYLIB_COMPATIBILITY_VERSION = 1;
				DYLIB_CURRENT_VERSION = 1;
				DYLIB_INSTALL_NAME_BASE = "@rpath";
				GENERATE_INFOPLIST_FILE = YES;
				INFOPLIST_KEY_NSHumanReadableCopyright = "";
				INSTALL_PATH = "$(LOCAL_LIBRARY_DIR)/Frameworks";
				IPHONEOS_DEPLOYMENT_TARGET = 13.0;
				LD_RUNPATH_SEARCH_PATHS = (
					"$(inherited)",
					"@executable_path/Frameworks",
					"@loader_path/Frameworks",
				);
				MACOSX_DEPLOYMENT_TARGET = 11.0;
				MARKETING_VERSION = 1.0;
				PRODUCT_BUNDLE_IDENTIFIER = com.Nevermore.sdk.Slark;
				PRODUCT_NAME = "$(TARGET_NAME:c99extidentifier)";
				SKIP_INSTALL = YES;
				SWIFT_EMIT_LOC_STRINGS = YES;
				TARGETED_DEVICE_FAMILY = 1;
			};
			name = Release;
		};
/* End XCBuildConfiguration section */

/* Begin XCConfigurationList section */
		8679DD42289FCA4D009E3022 /* Build configuration list for PBXProject "Slark" */ = {
			isa = XCConfigurationList;
			buildConfigurations = (
				8679DD4D289FCA4E009E3022 /* Debug */,
				8679DD4E289FCA4E009E3022 /* Release */,
			);
			defaultConfigurationIsVisible = 0;
			defaultConfigurationName = Release;
		};
		8679DD4F289FCA4E009E3022 /* Build configuration list for PBXNativeTarget "Slark" */ = {
			isa = XCConfigurationList;
			buildConfigurations = (
				8679DD50289FCA4E009E3022 /* Debug */,
				8679DD51289FCA4E009E3022 /* Release */,
			);
			defaultConfigurationIsVisible = 0;
			defaultConfigurationName = Release;
		};
/* End XCConfigurationList section */
	};
	rootObject = 8679DD3F289FCA4D009E3022 /* Project object */;
}
