// !$*UTF8*$!
{
	archiveVersion = 1;
	classes = {
	};
	objectVersion = 56;
	objects = {

/* Begin PBXBuildFile section */
		7E95BE021A3805A7EE0186FA /* Pods_demo.framework in Frameworks */ = {isa = PBXBuildFile; fileRef = 17C352FC5441DA44DC8441B5 /* Pods_demo.framework */; };
		C11838192ADFCC6800DB0127 /* AppDelegate.m in Sources */ = {isa = PBXBuildFile; fileRef = C11838182ADFCC6800DB0127 /* AppDelegate.m */; };
		C118381F2ADFCC6800DB0127 /* ViewController.mm in Sources */ = {isa = PBXBuildFile; fileRef = C118381E2ADFCC6800DB0127 /* ViewController.mm */; };
		C11838242ADFCC6900DB0127 /* Assets.xcassets in Resources */ = {isa = PBXBuildFile; fileRef = C11838232ADFCC6900DB0127 /* Assets.xcassets */; };
		C118382A2ADFCC6900DB0127 /* main.m in Sources */ = {isa = PBXBuildFile; fileRef = C11838292ADFCC6900DB0127 /* main.m */; };
		C1948EEF2CA17DDD00425DB3 /* EXTScope.m in Sources */ = {isa = PBXBuildFile; fileRef = C1948EEC2CA17DDD00425DB3 /* EXTScope.m */; };
		C1DA2DCE2C97175200DF03CB /* sample-3s.wav in Resources */ = {isa = PBXBuildFile; fileRef = C1DA2DCD2C97175200DF03CB /* sample-3s.wav */; };
		C1DA2DD22C97235400DF03CB /* AudioViewController.mm in Sources */ = {isa = PBXBuildFile; fileRef = C1DA2DD12C97235400DF03CB /* AudioViewController.mm */; };
		C1DA2DD42C9897DC00DF03CB /* PlayerControllerView.m in Sources */ = {isa = PBXBuildFile; fileRef = C1DA2DD32C9897DC00DF03CB /* PlayerControllerView.m */; };
		C1DA2DD92C999D2000DF03CB /* resource.bundle in Resources */ = {isa = PBXBuildFile; fileRef = C1DA2DC92C9716BD00DF03CB /* resource.bundle */; };
		C1DA2E572C9C364D00DF03CB /* MASCompositeConstraint.m in Sources */ = {isa = PBXBuildFile; fileRef = C1DA2E3E2C9C364D00DF03CB /* MASCompositeConstraint.m */; };
		C1DA2E582C9C364D00DF03CB /* MASConstraint.m in Sources */ = {isa = PBXBuildFile; fileRef = C1DA2E402C9C364D00DF03CB /* MASConstraint.m */; };
		C1DA2E592C9C364D00DF03CB /* MASConstraintMaker.m in Sources */ = {isa = PBXBuildFile; fileRef = C1DA2E432C9C364D00DF03CB /* MASConstraintMaker.m */; };
		C1DA2E5A2C9C364D00DF03CB /* MASLayoutConstraint.m in Sources */ = {isa = PBXBuildFile; fileRef = C1DA2E452C9C364D00DF03CB /* MASLayoutConstraint.m */; };
		C1DA2E5B2C9C364D00DF03CB /* MASViewAttribute.m in Sources */ = {isa = PBXBuildFile; fileRef = C1DA2E492C9C364D00DF03CB /* MASViewAttribute.m */; };
		C1DA2E5C2C9C364D00DF03CB /* MASViewConstraint.m in Sources */ = {isa = PBXBuildFile; fileRef = C1DA2E4B2C9C364D00DF03CB /* MASViewConstraint.m */; };
		C1DA2E5D2C9C364D00DF03CB /* NSArray+MASAdditions.m in Sources */ = {isa = PBXBuildFile; fileRef = C1DA2E4D2C9C364D00DF03CB /* NSArray+MASAdditions.m */; };
		C1DA2E5E2C9C364D00DF03CB /* NSLayoutConstraint+MASDebugAdditions.m in Sources */ = {isa = PBXBuildFile; fileRef = C1DA2E502C9C364D00DF03CB /* NSLayoutConstraint+MASDebugAdditions.m */; };
		C1DA2E5F2C9C364D00DF03CB /* View+MASAdditions.m in Sources */ = {isa = PBXBuildFile; fileRef = C1DA2E522C9C364D00DF03CB /* View+MASAdditions.m */; };
		C1DA2E602C9C364D00DF03CB /* ViewController+MASAdditions.m in Sources */ = {isa = PBXBuildFile; fileRef = C1DA2E552C9C364D00DF03CB /* ViewController+MASAdditions.m */; };
		C1E0D0B52CBAC6CC002FE528 /* VideoViewController.mm in Sources */ = {isa = PBXBuildFile; fileRef = C1E0D0B42CBAC6CC002FE528 /* VideoViewController.mm */; };
		C1E0D0BA2CBAD45E002FE528 /* Sample.mp4 in Resources */ = {isa = PBXBuildFile; fileRef = C1E0D0B92CBAD45E002FE528 /* Sample.mp4 */; };
/* End PBXBuildFile section */

/* Begin PBXFileReference section */
		17C352FC5441DA44DC8441B5 /* Pods_demo.framework */ = {isa = PBXFileReference; explicitFileType = wrapper.framework; includeInIndex = 0; path = Pods_demo.framework; sourceTree = BUILT_PRODUCTS_DIR; };
		C11838142ADFCC6800DB0127 /* demo.app */ = {isa = PBXFileReference; explicitFileType = wrapper.application; includeInIndex = 0; path = demo.app; sourceTree = BUILT_PRODUCTS_DIR; };
		C11838172ADFCC6800DB0127 /* AppDelegate.h */ = {isa = PBXFileReference; lastKnownFileType = sourcecode.c.h; path = AppDelegate.h; sourceTree = "<group>"; };
		C11838182ADFCC6800DB0127 /* AppDelegate.m */ = {isa = PBXFileReference; lastKnownFileType = sourcecode.c.objc; path = AppDelegate.m; sourceTree = "<group>"; };
		C118381D2ADFCC6800DB0127 /* ViewController.h */ = {isa = PBXFileReference; lastKnownFileType = sourcecode.c.h; path = ViewController.h; sourceTree = "<group>"; };
		C118381E2ADFCC6800DB0127 /* ViewController.mm */ = {isa = PBXFileReference; lastKnownFileType = sourcecode.cpp.objcpp; path = ViewController.mm; sourceTree = "<group>"; };
		C11838232ADFCC6900DB0127 /* Assets.xcassets */ = {isa = PBXFileReference; lastKnownFileType = folder.assetcatalog; path = Assets.xcassets; sourceTree = "<group>"; };
		C11838282ADFCC6900DB0127 /* Info.plist */ = {isa = PBXFileReference; lastKnownFileType = text.plist.xml; path = Info.plist; sourceTree = "<group>"; };
		C11838292ADFCC6900DB0127 /* main.m */ = {isa = PBXFileReference; lastKnownFileType = sourcecode.c.objc; path = main.m; sourceTree = "<group>"; };
		C1948EEB2CA17DDD00425DB3 /* EXTScope.h */ = {isa = PBXFileReference; lastKnownFileType = sourcecode.c.h; path = EXTScope.h; sourceTree = "<group>"; };
		C1948EEC2CA17DDD00425DB3 /* EXTScope.m */ = {isa = PBXFileReference; lastKnownFileType = sourcecode.c.objc; path = EXTScope.m; sourceTree = "<group>"; };
		C1948EED2CA17DDD00425DB3 /* metamacros.h */ = {isa = PBXFileReference; lastKnownFileType = sourcecode.c.h; path = metamacros.h; sourceTree = "<group>"; };
		C1DA2DC92C9716BD00DF03CB /* resource.bundle */ = {isa = PBXFileReference; explicitFileType = wrapper.cfbundle; includeInIndex = 0; path = resource.bundle; sourceTree = BUILT_PRODUCTS_DIR; };
		C1DA2DCD2C97175200DF03CB /* sample-3s.wav */ = {isa = PBXFileReference; lastKnownFileType = audio.wav; name = "sample-3s.wav"; path = "../../../test_sample/sample-3s.wav"; sourceTree = "<group>"; };
		C1DA2DD02C97235400DF03CB /* AudioViewController.h */ = {isa = PBXFileReference; lastKnownFileType = sourcecode.c.h; path = AudioViewController.h; sourceTree = "<group>"; };
		C1DA2DD12C97235400DF03CB /* AudioViewController.mm */ = {isa = PBXFileReference; lastKnownFileType = sourcecode.cpp.objcpp; path = AudioViewController.mm; sourceTree = "<group>"; };
		C1DA2DD32C9897DC00DF03CB /* PlayerControllerView.m */ = {isa = PBXFileReference; lastKnownFileType = sourcecode.c.objc; path = PlayerControllerView.m; sourceTree = "<group>"; };
		C1DA2DD52C98980500DF03CB /* PlayerControllerView.h */ = {isa = PBXFileReference; lastKnownFileType = sourcecode.c.h; path = PlayerControllerView.h; sourceTree = "<group>"; };
		C1DA2E3D2C9C364D00DF03CB /* MASCompositeConstraint.h */ = {isa = PBXFileReference; fileEncoding = 4; lastKnownFileType = sourcecode.c.h; path = MASCompositeConstraint.h; sourceTree = "<group>"; };
		C1DA2E3E2C9C364D00DF03CB /* MASCompositeConstraint.m */ = {isa = PBXFileReference; fileEncoding = 4; lastKnownFileType = sourcecode.c.objc; path = MASCompositeConstraint.m; sourceTree = "<group>"; };
		C1DA2E3F2C9C364D00DF03CB /* MASConstraint.h */ = {isa = PBXFileReference; fileEncoding = 4; lastKnownFileType = sourcecode.c.h; path = MASConstraint.h; sourceTree = "<group>"; };
		C1DA2E402C9C364D00DF03CB /* MASConstraint.m */ = {isa = PBXFileReference; fileEncoding = 4; lastKnownFileType = sourcecode.c.objc; path = MASConstraint.m; sourceTree = "<group>"; };
		C1DA2E412C9C364D00DF03CB /* MASConstraint+Private.h */ = {isa = PBXFileReference; fileEncoding = 4; lastKnownFileType = sourcecode.c.h; path = "MASConstraint+Private.h"; sourceTree = "<group>"; };
		C1DA2E422C9C364D00DF03CB /* MASConstraintMaker.h */ = {isa = PBXFileReference; fileEncoding = 4; lastKnownFileType = sourcecode.c.h; path = MASConstraintMaker.h; sourceTree = "<group>"; };
		C1DA2E432C9C364D00DF03CB /* MASConstraintMaker.m */ = {isa = PBXFileReference; fileEncoding = 4; lastKnownFileType = sourcecode.c.objc; path = MASConstraintMaker.m; sourceTree = "<group>"; };
		C1DA2E442C9C364D00DF03CB /* MASLayoutConstraint.h */ = {isa = PBXFileReference; fileEncoding = 4; lastKnownFileType = sourcecode.c.h; path = MASLayoutConstraint.h; sourceTree = "<group>"; };
		C1DA2E452C9C364D00DF03CB /* MASLayoutConstraint.m */ = {isa = PBXFileReference; fileEncoding = 4; lastKnownFileType = sourcecode.c.objc; path = MASLayoutConstraint.m; sourceTree = "<group>"; };
		C1DA2E462C9C364D00DF03CB /* Masonry.h */ = {isa = PBXFileReference; fileEncoding = 4; lastKnownFileType = sourcecode.c.h; path = Masonry.h; sourceTree = "<group>"; };
		C1DA2E472C9C364D00DF03CB /* MASUtilities.h */ = {isa = PBXFileReference; fileEncoding = 4; lastKnownFileType = sourcecode.c.h; path = MASUtilities.h; sourceTree = "<group>"; };
		C1DA2E482C9C364D00DF03CB /* MASViewAttribute.h */ = {isa = PBXFileReference; fileEncoding = 4; lastKnownFileType = sourcecode.c.h; path = MASViewAttribute.h; sourceTree = "<group>"; };
		C1DA2E492C9C364D00DF03CB /* MASViewAttribute.m */ = {isa = PBXFileReference; fileEncoding = 4; lastKnownFileType = sourcecode.c.objc; path = MASViewAttribute.m; sourceTree = "<group>"; };
		C1DA2E4A2C9C364D00DF03CB /* MASViewConstraint.h */ = {isa = PBXFileReference; fileEncoding = 4; lastKnownFileType = sourcecode.c.h; path = MASViewConstraint.h; sourceTree = "<group>"; };
		C1DA2E4B2C9C364D00DF03CB /* MASViewConstraint.m */ = {isa = PBXFileReference; fileEncoding = 4; lastKnownFileType = sourcecode.c.objc; path = MASViewConstraint.m; sourceTree = "<group>"; };
		C1DA2E4C2C9C364D00DF03CB /* NSArray+MASAdditions.h */ = {isa = PBXFileReference; fileEncoding = 4; lastKnownFileType = sourcecode.c.h; path = "NSArray+MASAdditions.h"; sourceTree = "<group>"; };
		C1DA2E4D2C9C364D00DF03CB /* NSArray+MASAdditions.m */ = {isa = PBXFileReference; fileEncoding = 4; lastKnownFileType = sourcecode.c.objc; path = "NSArray+MASAdditions.m"; sourceTree = "<group>"; };
		C1DA2E4E2C9C364D00DF03CB /* NSArray+MASShorthandAdditions.h */ = {isa = PBXFileReference; fileEncoding = 4; lastKnownFileType = sourcecode.c.h; path = "NSArray+MASShorthandAdditions.h"; sourceTree = "<group>"; };
		C1DA2E4F2C9C364D00DF03CB /* NSLayoutConstraint+MASDebugAdditions.h */ = {isa = PBXFileReference; fileEncoding = 4; lastKnownFileType = sourcecode.c.h; path = "NSLayoutConstraint+MASDebugAdditions.h"; sourceTree = "<group>"; };
		C1DA2E502C9C364D00DF03CB /* NSLayoutConstraint+MASDebugAdditions.m */ = {isa = PBXFileReference; fileEncoding = 4; lastKnownFileType = sourcecode.c.objc; path = "NSLayoutConstraint+MASDebugAdditions.m"; sourceTree = "<group>"; };
		C1DA2E512C9C364D00DF03CB /* View+MASAdditions.h */ = {isa = PBXFileReference; fileEncoding = 4; lastKnownFileType = sourcecode.c.h; path = "View+MASAdditions.h"; sourceTree = "<group>"; };
		C1DA2E522C9C364D00DF03CB /* View+MASAdditions.m */ = {isa = PBXFileReference; fileEncoding = 4; lastKnownFileType = sourcecode.c.objc; path = "View+MASAdditions.m"; sourceTree = "<group>"; };
		C1DA2E532C9C364D00DF03CB /* View+MASShorthandAdditions.h */ = {isa = PBXFileReference; fileEncoding = 4; lastKnownFileType = sourcecode.c.h; path = "View+MASShorthandAdditions.h"; sourceTree = "<group>"; };
		C1DA2E542C9C364D00DF03CB /* ViewController+MASAdditions.h */ = {isa = PBXFileReference; fileEncoding = 4; lastKnownFileType = sourcecode.c.h; path = "ViewController+MASAdditions.h"; sourceTree = "<group>"; };
		C1DA2E552C9C364D00DF03CB /* ViewController+MASAdditions.m */ = {isa = PBXFileReference; fileEncoding = 4; lastKnownFileType = sourcecode.c.objc; path = "ViewController+MASAdditions.m"; sourceTree = "<group>"; };
		C1E0D0B42CBAC6CC002FE528 /* VideoViewController.mm */ = {isa = PBXFileReference; lastKnownFileType = sourcecode.cpp.objcpp; path = VideoViewController.mm; sourceTree = "<group>"; };
		C1E0D0B62CBAC6F1002FE528 /* VideoViewController.h */ = {isa = PBXFileReference; lastKnownFileType = sourcecode.c.h; path = VideoViewController.h; sourceTree = "<group>"; };
		C1E0D0B92CBAD45E002FE528 /* Sample.mp4 */ = {isa = PBXFileReference; lastKnownFileType = file; name = Sample.mp4; path = ../../../test_sample/Sample.mp4; sourceTree = "<group>"; };
		CD8CD00A676D138C035B4C1E /* Pods-demo.debug.xcconfig */ = {isa = PBXFileReference; includeInIndex = 1; lastKnownFileType = text.xcconfig; name = "Pods-demo.debug.xcconfig"; path = "Target Support Files/Pods-demo/Pods-demo.debug.xcconfig"; sourceTree = "<group>"; };
		EB1A05A5B61B7B6F8EA1F969 /* Pods-demo.release.xcconfig */ = {isa = PBXFileReference; includeInIndex = 1; lastKnownFileType = text.xcconfig; name = "Pods-demo.release.xcconfig"; path = "Target Support Files/Pods-demo/Pods-demo.release.xcconfig"; sourceTree = "<group>"; };
/* End PBXFileReference section */

/* Begin PBXFrameworksBuildPhase section */
		C11838112ADFCC6800DB0127 /* Frameworks */ = {
			isa = PBXFrameworksBuildPhase;
			buildActionMask = 2147483647;
			files = (
				7E95BE021A3805A7EE0186FA /* Pods_demo.framework in Frameworks */,
			);
			runOnlyForDeploymentPostprocessing = 0;
		};
		C1DA2DC62C9716BD00DF03CB /* Frameworks */ = {
			isa = PBXFrameworksBuildPhase;
			buildActionMask = 2147483647;
			files = (
			);
			runOnlyForDeploymentPostprocessing = 0;
		};
/* End PBXFrameworksBuildPhase section */

/* Begin PBXGroup section */
		80798BB592FF2B3C9D6EB935 /* Pods */ = {
			isa = PBXGroup;
			children = (
				CD8CD00A676D138C035B4C1E /* Pods-demo.debug.xcconfig */,
				EB1A05A5B61B7B6F8EA1F969 /* Pods-demo.release.xcconfig */,
			);
			path = Pods;
			sourceTree = "<group>";
		};
		8798FD44AD83F94DC7D9F230 /* Frameworks */ = {
			isa = PBXGroup;
			children = (
				17C352FC5441DA44DC8441B5 /* Pods_demo.framework */,
			);
			name = Frameworks;
			sourceTree = "<group>";
		};
		C118380B2ADFCC6800DB0127 = {
			isa = PBXGroup;
			children = (
				C1E0D0B92CBAD45E002FE528 /* Sample.mp4 */,
				C1DA2DCD2C97175200DF03CB /* sample-3s.wav */,
				C11838162ADFCC6800DB0127 /* demo */,
				C11838152ADFCC6800DB0127 /* Products */,
				80798BB592FF2B3C9D6EB935 /* Pods */,
				8798FD44AD83F94DC7D9F230 /* Frameworks */,
			);
			sourceTree = "<group>";
		};
		C11838152ADFCC6800DB0127 /* Products */ = {
			isa = PBXGroup;
			children = (
				C11838142ADFCC6800DB0127 /* demo.app */,
				C1DA2DC92C9716BD00DF03CB /* resource.bundle */,
			);
			name = Products;
			sourceTree = "<group>";
		};
		C11838162ADFCC6800DB0127 /* demo */ = {
			isa = PBXGroup;
			children = (
				C1948EEE2CA17DDD00425DB3 /* EXTScope */,
				C1DA2DD62C989A3D00DF03CB /* View */,
				C1DA2DCF2C97222500DF03CB /* ViewController */,
				C11838172ADFCC6800DB0127 /* AppDelegate.h */,
				C11838182ADFCC6800DB0127 /* AppDelegate.m */,
				C118381D2ADFCC6800DB0127 /* ViewController.h */,
				C118381E2ADFCC6800DB0127 /* ViewController.mm */,
				C11838232ADFCC6900DB0127 /* Assets.xcassets */,
				C11838282ADFCC6900DB0127 /* Info.plist */,
				C11838292ADFCC6900DB0127 /* main.m */,
				C1DA2E562C9C364D00DF03CB /* Masonry */,
			);
			path = demo;
			sourceTree = "<group>";
		};
		C1948EEE2CA17DDD00425DB3 /* EXTScope */ = {
			isa = PBXGroup;
			children = (
				C1948EEB2CA17DDD00425DB3 /* EXTScope.h */,
				C1948EEC2CA17DDD00425DB3 /* EXTScope.m */,
				C1948EED2CA17DDD00425DB3 /* metamacros.h */,
			);
			path = EXTScope;
			sourceTree = "<group>";
		};
		C1DA2DCF2C97222500DF03CB /* ViewController */ = {
			isa = PBXGroup;
			children = (
				C1DA2DD02C97235400DF03CB /* AudioViewController.h */,
				C1DA2DD12C97235400DF03CB /* AudioViewController.mm */,
				C1E0D0B42CBAC6CC002FE528 /* VideoViewController.mm */,
				C1E0D0B62CBAC6F1002FE528 /* VideoViewController.h */,
			);
			path = ViewController;
			sourceTree = "<group>";
		};
		C1DA2DD62C989A3D00DF03CB /* View */ = {
			isa = PBXGroup;
			children = (
				C1DA2DD32C9897DC00DF03CB /* PlayerControllerView.m */,
				C1DA2DD52C98980500DF03CB /* PlayerControllerView.h */,
			);
			path = View;
			sourceTree = "<group>";
		};
		C1DA2E562C9C364D00DF03CB /* Masonry */ = {
			isa = PBXGroup;
			children = (
				C1DA2E3D2C9C364D00DF03CB /* MASCompositeConstraint.h */,
				C1DA2E3E2C9C364D00DF03CB /* MASCompositeConstraint.m */,
				C1DA2E3F2C9C364D00DF03CB /* MASConstraint.h */,
				C1DA2E402C9C364D00DF03CB /* MASConstraint.m */,
				C1DA2E412C9C364D00DF03CB /* MASConstraint+Private.h */,
				C1DA2E422C9C364D00DF03CB /* MASConstraintMaker.h */,
				C1DA2E432C9C364D00DF03CB /* MASConstraintMaker.m */,
				C1DA2E442C9C364D00DF03CB /* MASLayoutConstraint.h */,
				C1DA2E452C9C364D00DF03CB /* MASLayoutConstraint.m */,
				C1DA2E462C9C364D00DF03CB /* Masonry.h */,
				C1DA2E472C9C364D00DF03CB /* MASUtilities.h */,
				C1DA2E482C9C364D00DF03CB /* MASViewAttribute.h */,
				C1DA2E492C9C364D00DF03CB /* MASViewAttribute.m */,
				C1DA2E4A2C9C364D00DF03CB /* MASViewConstraint.h */,
				C1DA2E4B2C9C364D00DF03CB /* MASViewConstraint.m */,
				C1DA2E4C2C9C364D00DF03CB /* NSArray+MASAdditions.h */,
				C1DA2E4D2C9C364D00DF03CB /* NSArray+MASAdditions.m */,
				C1DA2E4E2C9C364D00DF03CB /* NSArray+MASShorthandAdditions.h */,
				C1DA2E4F2C9C364D00DF03CB /* NSLayoutConstraint+MASDebugAdditions.h */,
				C1DA2E502C9C364D00DF03CB /* NSLayoutConstraint+MASDebugAdditions.m */,
				C1DA2E512C9C364D00DF03CB /* View+MASAdditions.h */,
				C1DA2E522C9C364D00DF03CB /* View+MASAdditions.m */,
				C1DA2E532C9C364D00DF03CB /* View+MASShorthandAdditions.h */,
				C1DA2E542C9C364D00DF03CB /* ViewController+MASAdditions.h */,
				C1DA2E552C9C364D00DF03CB /* ViewController+MASAdditions.m */,
			);
			name = Masonry;
			path = Masonry/Masonry;
			sourceTree = "<group>";
		};
/* End PBXGroup section */

/* Begin PBXNativeTarget section */
		C11838132ADFCC6800DB0127 /* demo */ = {
			isa = PBXNativeTarget;
			buildConfigurationList = C118382D2ADFCC6900DB0127 /* Build configuration list for PBXNativeTarget "demo" */;
			buildPhases = (
				65B21D1A6E92D056BBF6DF8E /* [CP] Check Pods Manifest.lock */,
				C11838102ADFCC6800DB0127 /* Sources */,
				C11838112ADFCC6800DB0127 /* Frameworks */,
				C11838122ADFCC6800DB0127 /* Resources */,
				B14E4E73F62D23530571701E /* [CP] Embed Pods Frameworks */,
			);
			buildRules = (
			);
			dependencies = (
			);
			name = demo;
			productName = demo;
			productReference = C11838142ADFCC6800DB0127 /* demo.app */;
			productType = "com.apple.product-type.application";
		};
		C1DA2DC82C9716BD00DF03CB /* resource */ = {
			isa = PBXNativeTarget;
			buildConfigurationList = C1DA2DCC2C9716BD00DF03CB /* Build configuration list for PBXNativeTarget "resource" */;
			buildPhases = (
				C1DA2DC52C9716BD00DF03CB /* Sources */,
				C1DA2DC62C9716BD00DF03CB /* Frameworks */,
				C1DA2DC72C9716BD00DF03CB /* Resources */,
			);
			buildRules = (
			);
			dependencies = (
			);
			name = resource;
			productName = resource;
			productReference = C1DA2DC92C9716BD00DF03CB /* resource.bundle */;
			productType = "com.apple.product-type.bundle";
		};
/* End PBXNativeTarget section */

/* Begin PBXProject section */
		C118380C2ADFCC6800DB0127 /* Project object */ = {
			isa = PBXProject;
			attributes = {
				BuildIndependentTargetsInParallel = 1;
				LastUpgradeCheck = 1500;
				TargetAttributes = {
					C11838132ADFCC6800DB0127 = {
						CreatedOnToolsVersion = 15.0;
					};
					C1DA2DC82C9716BD00DF03CB = {
						CreatedOnToolsVersion = 15.4;
					};
				};
			};
			buildConfigurationList = C118380F2ADFCC6800DB0127 /* Build configuration list for PBXProject "demo" */;
			compatibilityVersion = "Xcode 14.0";
			developmentRegion = en;
			hasScannedForEncodings = 0;
			knownRegions = (
				en,
				Base,
			);
			mainGroup = C118380B2ADFCC6800DB0127;
			productRefGroup = C11838152ADFCC6800DB0127 /* Products */;
			projectDirPath = "";
			projectRoot = "";
			targets = (
				C11838132ADFCC6800DB0127 /* demo */,
				C1DA2DC82C9716BD00DF03CB /* resource */,
			);
		};
/* End PBXProject section */

/* Begin PBXResourcesBuildPhase section */
		C11838122ADFCC6800DB0127 /* Resources */ = {
			isa = PBXResourcesBuildPhase;
			buildActionMask = 2147483647;
			files = (
				C1DA2DD92C999D2000DF03CB /* resource.bundle in Resources */,
				C11838242ADFCC6900DB0127 /* Assets.xcassets in Resources */,
			);
			runOnlyForDeploymentPostprocessing = 0;
		};
		C1DA2DC72C9716BD00DF03CB /* Resources */ = {
			isa = PBXResourcesBuildPhase;
			buildActionMask = 2147483647;
			files = (
				C1DA2DCE2C97175200DF03CB /* sample-3s.wav in Resources */,
				C1E0D0BA2CBAD45E002FE528 /* Sample.mp4 in Resources */,
			);
			runOnlyForDeploymentPostprocessing = 0;
		};
/* End PBXResourcesBuildPhase section */

/* Begin PBXShellScriptBuildPhase section */
		65B21D1A6E92D056BBF6DF8E /* [CP] Check Pods Manifest.lock */ = {
			isa = PBXShellScriptBuildPhase;
			buildActionMask = 2147483647;
			files = (
			);
			inputFileListPaths = (
			);
			inputPaths = (
				"${PODS_PODFILE_DIR_PATH}/Podfile.lock",
				"${PODS_ROOT}/Manifest.lock",
			);
			name = "[CP] Check Pods Manifest.lock";
			outputFileListPaths = (
			);
			outputPaths = (
				"$(DERIVED_FILE_DIR)/Pods-demo-checkManifestLockResult.txt",
			);
			runOnlyForDeploymentPostprocessing = 0;
			shellPath = /bin/sh;
			shellScript = "diff \"${PODS_PODFILE_DIR_PATH}/Podfile.lock\" \"${PODS_ROOT}/Manifest.lock\" > /dev/null\nif [ $? != 0 ] ; then\n    # print error to STDERR\n    echo \"error: The sandbox is not in sync with the Podfile.lock. Run 'pod install' or update your CocoaPods installation.\" >&2\n    exit 1\nfi\n# This output is used by Xcode 'outputs' to avoid re-running this script phase.\necho \"SUCCESS\" > \"${SCRIPT_OUTPUT_FILE_0}\"\n";
			showEnvVarsInLog = 0;
		};
		B14E4E73F62D23530571701E /* [CP] Embed Pods Frameworks */ = {
			isa = PBXShellScriptBuildPhase;
			buildActionMask = 2147483647;
			files = (
			);
			inputFileListPaths = (
			);
			name = "[CP] Embed Pods Frameworks";
			outputFileListPaths = (
			);
			runOnlyForDeploymentPostprocessing = 0;
			shellPath = /bin/sh;
			shellScript = "\"${PODS_ROOT}/Target Support Files/Pods-demo/Pods-demo-frameworks.sh\"\n";
			showEnvVarsInLog = 0;
		};
/* End PBXShellScriptBuildPhase section */

/* Begin PBXSourcesBuildPhase section */
		C11838102ADFCC6800DB0127 /* Sources */ = {
			isa = PBXSourcesBuildPhase;
			buildActionMask = 2147483647;
			files = (
				C1948EEF2CA17DDD00425DB3 /* EXTScope.m in Sources */,
				C1DA2E5E2C9C364D00DF03CB /* NSLayoutConstraint+MASDebugAdditions.m in Sources */,
				C118381F2ADFCC6800DB0127 /* ViewController.mm in Sources */,
				C1DA2E5C2C9C364D00DF03CB /* MASViewConstraint.m in Sources */,
				C11838192ADFCC6800DB0127 /* AppDelegate.m in Sources */,
				C118382A2ADFCC6900DB0127 /* main.m in Sources */,
				C1DA2DD42C9897DC00DF03CB /* PlayerControllerView.m in Sources */,
				C1DA2E5F2C9C364D00DF03CB /* View+MASAdditions.m in Sources */,
				C1DA2E572C9C364D00DF03CB /* MASCompositeConstraint.m in Sources */,
				C1DA2E5B2C9C364D00DF03CB /* MASViewAttribute.m in Sources */,
				C1DA2E592C9C364D00DF03CB /* MASConstraintMaker.m in Sources */,
				C1DA2E5D2C9C364D00DF03CB /* NSArray+MASAdditions.m in Sources */,
				C1DA2E602C9C364D00DF03CB /* ViewController+MASAdditions.m in Sources */,
				C1DA2E582C9C364D00DF03CB /* MASConstraint.m in Sources */,
				C1E0D0B52CBAC6CC002FE528 /* VideoViewController.mm in Sources */,
				C1DA2E5A2C9C364D00DF03CB /* MASLayoutConstraint.m in Sources */,
				C1DA2DD22C97235400DF03CB /* AudioViewController.mm in Sources */,
			);
			runOnlyForDeploymentPostprocessing = 0;
		};
		C1DA2DC52C9716BD00DF03CB /* Sources */ = {
			isa = PBXSourcesBuildPhase;
			buildActionMask = 2147483647;
			files = (
			);
			runOnlyForDeploymentPostprocessing = 0;
		};
/* End PBXSourcesBuildPhase section */

/* Begin XCBuildConfiguration section */
		C118382B2ADFCC6900DB0127 /* Debug */ = {
			isa = XCBuildConfiguration;
			buildSettings = {
				ALWAYS_SEARCH_USER_PATHS = NO;
				ASSETCATALOG_COMPILER_GENERATE_SWIFT_ASSET_SYMBOL_EXTENSIONS = YES;
				CLANG_ANALYZER_NONNULL = YES;
				CLANG_ANALYZER_NUMBER_OBJECT_CONVERSION = YES_AGGRESSIVE;
				CLANG_CXX_LANGUAGE_STANDARD = "gnu++20";
				CLANG_ENABLE_MODULES = YES;
				CLANG_ENABLE_OBJC_ARC = YES;
				CLANG_ENABLE_OBJC_WEAK = YES;
				CLANG_WARN_BLOCK_CAPTURE_AUTORELEASING = YES;
				CLANG_WARN_BOOL_CONVERSION = YES;
				CLANG_WARN_COMMA = YES;
				CLANG_WARN_CONSTANT_CONVERSION = YES;
				CLANG_WARN_DEPRECATED_OBJC_IMPLEMENTATIONS = YES;
				CLANG_WARN_DIRECT_OBJC_ISA_USAGE = YES_ERROR;
				CLANG_WARN_DOCUMENTATION_COMMENTS = YES;
				CLANG_WARN_EMPTY_BODY = YES;
				CLANG_WARN_ENUM_CONVERSION = YES;
				CLANG_WARN_INFINITE_RECURSION = YES;
				CLANG_WARN_INT_CONVERSION = YES;
				CLANG_WARN_NON_LITERAL_NULL_CONVERSION = YES;
				CLANG_WARN_OBJC_IMPLICIT_RETAIN_SELF = YES;
				CLANG_WARN_OBJC_LITERAL_CONVERSION = YES;
				CLANG_WARN_OBJC_ROOT_CLASS = YES_ERROR;
				CLANG_WARN_QUOTED_INCLUDE_IN_FRAMEWORK_HEADER = YES;
				CLANG_WARN_RANGE_LOOP_ANALYSIS = YES;
				CLANG_WARN_STRICT_PROTOTYPES = YES;
				CLANG_WARN_SUSPICIOUS_MOVE = YES;
				CLANG_WARN_UNGUARDED_AVAILABILITY = YES_AGGRESSIVE;
				CLANG_WARN_UNREACHABLE_CODE = YES;
				CLANG_WARN__DUPLICATE_METHOD_MATCH = YES;
				COPY_PHASE_STRIP = NO;
				DEBUG_INFORMATION_FORMAT = dwarf;
				ENABLE_STRICT_OBJC_MSGSEND = YES;
				ENABLE_TESTABILITY = YES;
				ENABLE_USER_SCRIPT_SANDBOXING = YES;
				GCC_C_LANGUAGE_STANDARD = gnu17;
				GCC_DYNAMIC_NO_PIC = NO;
				GCC_NO_COMMON_BLOCKS = YES;
				GCC_OPTIMIZATION_LEVEL = 0;
				GCC_PREPROCESSOR_DEFINITIONS = (
					"DEBUG=1",
					"$(inherited)",
				);
				GCC_WARN_64_TO_32_BIT_CONVERSION = YES;
				GCC_WARN_ABOUT_RETURN_TYPE = YES_ERROR;
				GCC_WARN_UNDECLARED_SELECTOR = YES;
				GCC_WARN_UNINITIALIZED_AUTOS = YES_AGGRESSIVE;
				GCC_WARN_UNUSED_FUNCTION = YES;
				GCC_WARN_UNUSED_VARIABLE = YES;
				IPHONEOS_DEPLOYMENT_TARGET = 16.3;
				LOCALIZATION_PREFERS_STRING_CATALOGS = YES;
				MTL_ENABLE_DEBUG_INFO = INCLUDE_SOURCE;
				MTL_FAST_MATH = YES;
				ONLY_ACTIVE_ARCH = YES;
				SDKROOT = iphoneos;
			};
			name = Debug;
		};
		C118382C2ADFCC6900DB0127 /* Release */ = {
			isa = XCBuildConfiguration;
			buildSettings = {
				ALWAYS_SEARCH_USER_PATHS = NO;
				ASSETCATALOG_COMPILER_GENERATE_SWIFT_ASSET_SYMBOL_EXTENSIONS = YES;
				CLANG_ANALYZER_NONNULL = YES;
				CLANG_ANALYZER_NUMBER_OBJECT_CONVERSION = YES_AGGRESSIVE;
				CLANG_CXX_LANGUAGE_STANDARD = "gnu++20";
				CLANG_ENABLE_MODULES = YES;
				CLANG_ENABLE_OBJC_ARC = YES;
				CLANG_ENABLE_OBJC_WEAK = YES;
				CLANG_WARN_BLOCK_CAPTURE_AUTORELEASING = YES;
				CLANG_WARN_BOOL_CONVERSION = YES;
				CLANG_WARN_COMMA = YES;
				CLANG_WARN_CONSTANT_CONVERSION = YES;
				CLANG_WARN_DEPRECATED_OBJC_IMPLEMENTATIONS = YES;
				CLANG_WARN_DIRECT_OBJC_ISA_USAGE = YES_ERROR;
				CLANG_WARN_DOCUMENTATION_COMMENTS = YES;
				CLANG_WARN_EMPTY_BODY = YES;
				CLANG_WARN_ENUM_CONVERSION = YES;
				CLANG_WARN_INFINITE_RECURSION = YES;
				CLANG_WARN_INT_CONVERSION = YES;
				CLANG_WARN_NON_LITERAL_NULL_CONVERSION = YES;
				CLANG_WARN_OBJC_IMPLICIT_RETAIN_SELF = YES;
				CLANG_WARN_OBJC_LITERAL_CONVERSION = YES;
				CLANG_WARN_OBJC_ROOT_CLASS = YES_ERROR;
				CLANG_WARN_QUOTED_INCLUDE_IN_FRAMEWORK_HEADER = YES;
				CLANG_WARN_RANGE_LOOP_ANALYSIS = YES;
				CLANG_WARN_STRICT_PROTOTYPES = YES;
				CLANG_WARN_SUSPICIOUS_MOVE = YES;
				CLANG_WARN_UNGUARDED_AVAILABILITY = YES_AGGRESSIVE;
				CLANG_WARN_UNREACHABLE_CODE = YES;
				CLANG_WARN__DUPLICATE_METHOD_MATCH = YES;
				COPY_PHASE_STRIP = NO;
				DEBUG_INFORMATION_FORMAT = "dwarf-with-dsym";
				ENABLE_NS_ASSERTIONS = NO;
				ENABLE_STRICT_OBJC_MSGSEND = YES;
				ENABLE_USER_SCRIPT_SANDBOXING = YES;
				GCC_C_LANGUAGE_STANDARD = gnu17;
				GCC_NO_COMMON_BLOCKS = YES;
				GCC_WARN_64_TO_32_BIT_CONVERSION = YES;
				GCC_WARN_ABOUT_RETURN_TYPE = YES_ERROR;
				GCC_WARN_UNDECLARED_SELECTOR = YES;
				GCC_WARN_UNINITIALIZED_AUTOS = YES_AGGRESSIVE;
				GCC_WARN_UNUSED_FUNCTION = YES;
				GCC_WARN_UNUSED_VARIABLE = YES;
				IPHONEOS_DEPLOYMENT_TARGET = 16.3;
				LOCALIZATION_PREFERS_STRING_CATALOGS = YES;
				MTL_ENABLE_DEBUG_INFO = NO;
				MTL_FAST_MATH = YES;
				SDKROOT = iphoneos;
				VALIDATE_PRODUCT = YES;
			};
			name = Release;
		};
		C118382E2ADFCC6900DB0127 /* Debug */ = {
			isa = XCBuildConfiguration;
			baseConfigurationReference = CD8CD00A676D138C035B4C1E /* Pods-demo.debug.xcconfig */;
			buildSettings = {
				ASSETCATALOG_COMPILER_APPICON_NAME = AppIcon;
				ASSETCATALOG_COMPILER_GLOBAL_ACCENT_COLOR_NAME = AccentColor;
				CODE_SIGN_STYLE = Automatic;
				CURRENT_PROJECT_VERSION = 1;
				DEVELOPMENT_TEAM = N5DK4KP42W;
				ENABLE_USER_SCRIPT_SANDBOXING = NO;
				GENERATE_INFOPLIST_FILE = YES;
				INFOPLIST_FILE = demo/Info.plist;
				INFOPLIST_KEY_CFBundleDisplayName = "slark demo";
				INFOPLIST_KEY_LSApplicationCategoryType = "public.app-category.developer-tools";
				INFOPLIST_KEY_NSAppleMusicUsageDescription = "";
				INFOPLIST_KEY_NSMicrophoneUsageDescription = "";
				INFOPLIST_KEY_NSNetworkVolumesUsageDescription = "";
				INFOPLIST_KEY_UIApplicationSupportsIndirectInputEvents = YES;
				INFOPLIST_KEY_UILaunchStoryboardName = LaunchScreen;
				INFOPLIST_KEY_UIStatusBarStyle = "";
				INFOPLIST_KEY_UISupportedInterfaceOrientations = UIInterfaceOrientationPortrait;
				INFOPLIST_KEY_UISupportedInterfaceOrientations_iPad = "UIInterfaceOrientationLandscapeLeft UIInterfaceOrientationLandscapeRight UIInterfaceOrientationPortrait UIInterfaceOrientationPortraitUpsideDown";
				IPHONEOS_DEPLOYMENT_TARGET = 16.3;
				LD_RUNPATH_SEARCH_PATHS = (
					"$(inherited)",
					"@executable_path/Frameworks",
				);
				MARKETING_VERSION = 1.0;
				OTHER_LDFLAGS = (
					"$(inherited)",
					"-l\"c++\"",
					"-framework",
					"\"AVFoundation\"",
					"-framework",
					"\"AudioToolBox\"",
					"-framework",
					"\"Foundation\"",
					"-framework",
					"\"UIKit\"",
					"-framework",
					"\"VideoToolBox\"",
					"-framework",
					"\"slark\"",
					"-framework",
					"\"CoreMedia\"",
				);
				OTHER_LIBTOOLFLAGS = "$(inherited)";
				PRODUCT_BUNDLE_IDENTIFIER = com.slark.base.test;
				PRODUCT_NAME = "$(TARGET_NAME)";
				SUPPORTED_PLATFORMS = "iphoneos iphonesimulator";
				SUPPORTS_MACCATALYST = NO;
				SUPPORTS_MAC_DESIGNED_FOR_IPHONE_IPAD = NO;
				SWIFT_EMIT_LOC_STRINGS = YES;
				TARGETED_DEVICE_FAMILY = 1;
				USER_HEADER_SEARCH_PATHS = /Users/rolf.tan/SourceCode/selfspace/slark/demo/iOS/demo/demo/Masonry/Masonry;
			};
			name = Debug;
		};
		C118382F2ADFCC6900DB0127 /* Release */ = {
			isa = XCBuildConfiguration;
			baseConfigurationReference = EB1A05A5B61B7B6F8EA1F969 /* Pods-demo.release.xcconfig */;
			buildSettings = {
				ASSETCATALOG_COMPILER_APPICON_NAME = AppIcon;
				ASSETCATALOG_COMPILER_GLOBAL_ACCENT_COLOR_NAME = AccentColor;
				CODE_SIGN_STYLE = Automatic;
				CURRENT_PROJECT_VERSION = 1;
				DEVELOPMENT_TEAM = N5DK4KP42W;
				ENABLE_USER_SCRIPT_SANDBOXING = NO;
				GENERATE_INFOPLIST_FILE = YES;
				INFOPLIST_FILE = demo/Info.plist;
				INFOPLIST_KEY_CFBundleDisplayName = "slark demo";
				INFOPLIST_KEY_LSApplicationCategoryType = "public.app-category.developer-tools";
				INFOPLIST_KEY_NSAppleMusicUsageDescription = "";
				INFOPLIST_KEY_NSMicrophoneUsageDescription = "";
				INFOPLIST_KEY_NSNetworkVolumesUsageDescription = "";
				INFOPLIST_KEY_UIApplicationSupportsIndirectInputEvents = YES;
				INFOPLIST_KEY_UILaunchStoryboardName = LaunchScreen;
				INFOPLIST_KEY_UIStatusBarStyle = "";
				INFOPLIST_KEY_UISupportedInterfaceOrientations = UIInterfaceOrientationPortrait;
				INFOPLIST_KEY_UISupportedInterfaceOrientations_iPad = "UIInterfaceOrientationLandscapeLeft UIInterfaceOrientationLandscapeRight UIInterfaceOrientationPortrait UIInterfaceOrientationPortraitUpsideDown";
				IPHONEOS_DEPLOYMENT_TARGET = 16.3;
				LD_RUNPATH_SEARCH_PATHS = (
					"$(inherited)",
					"@executable_path/Frameworks",
				);
				MARKETING_VERSION = 1.0;
				OTHER_LDFLAGS = (
					"$(inherited)",
					"-l\"c++\"",
					"-framework",
					"\"AVFoundation\"",
					"-framework",
					"\"AudioToolBox\"",
					"-framework",
					"\"Foundation\"",
					"-framework",
					"\"UIKit\"",
					"-framework",
					"\"VideoToolBox\"",
					"-framework",
					"\"slark\"",
					"-framework",
					"\"CoreMedia\"",
				);
				OTHER_LIBTOOLFLAGS = "$(inherited)";
				PRODUCT_BUNDLE_IDENTIFIER = com.slark.base.test.demo;
				PRODUCT_NAME = "$(TARGET_NAME)";
				SUPPORTED_PLATFORMS = "iphoneos iphonesimulator";
				SUPPORTS_MACCATALYST = NO;
				SUPPORTS_MAC_DESIGNED_FOR_IPHONE_IPAD = NO;
				SWIFT_EMIT_LOC_STRINGS = YES;
				TARGETED_DEVICE_FAMILY = 1;
				USER_HEADER_SEARCH_PATHS = /Users/rolf.tan/SourceCode/selfspace/slark/demo/iOS/demo/demo/Masonry/Masonry;
			};
			name = Release;
		};
		C1DA2DCA2C9716BD00DF03CB /* Debug */ = {
			isa = XCBuildConfiguration;
			buildSettings = {
				CODE_SIGN_STYLE = Automatic;
				COMBINE_HIDPI_IMAGES = YES;
				CURRENT_PROJECT_VERSION = 1;
				DEVELOPMENT_TEAM = N5DK4KP42W;
				GENERATE_INFOPLIST_FILE = YES;
				INFOPLIST_KEY_NSHumanReadableCopyright = "";
				INFOPLIST_KEY_NSPrincipalClass = "";
				INSTALL_PATH = "$(LOCAL_LIBRARY_DIR)/Bundles";
				IPHONEOS_DEPLOYMENT_TARGET = 16.3;
				MACOSX_DEPLOYMENT_TARGET = 14.5;
				MARKETING_VERSION = 1.0;
				PRODUCT_BUNDLE_IDENTIFIER = slark.test.resource;
				PRODUCT_NAME = "$(TARGET_NAME)";
				SDKROOT = iphoneos;
				SKIP_INSTALL = YES;
				SWIFT_EMIT_LOC_STRINGS = YES;
				WRAPPER_EXTENSION = bundle;
			};
			name = Debug;
		};
		C1DA2DCB2C9716BD00DF03CB /* Release */ = {
			isa = XCBuildConfiguration;
			buildSettings = {
				CODE_SIGN_STYLE = Automatic;
				COMBINE_HIDPI_IMAGES = YES;
				CURRENT_PROJECT_VERSION = 1;
				DEVELOPMENT_TEAM = N5DK4KP42W;
				GENERATE_INFOPLIST_FILE = YES;
				INFOPLIST_KEY_NSHumanReadableCopyright = "";
				INFOPLIST_KEY_NSPrincipalClass = "";
				INSTALL_PATH = "$(LOCAL_LIBRARY_DIR)/Bundles";
				IPHONEOS_DEPLOYMENT_TARGET = 16.3;
				MACOSX_DEPLOYMENT_TARGET = 14.5;
				MARKETING_VERSION = 1.0;
				PRODUCT_BUNDLE_IDENTIFIER = slark.test.resource;
				PRODUCT_NAME = "$(TARGET_NAME)";
				SDKROOT = iphoneos;
				SKIP_INSTALL = YES;
				SWIFT_EMIT_LOC_STRINGS = YES;
				WRAPPER_EXTENSION = bundle;
			};
			name = Release;
		};
/* End XCBuildConfiguration section */

/* Begin XCConfigurationList section */
		C118380F2ADFCC6800DB0127 /* Build configuration list for PBXProject "demo" */ = {
			isa = XCConfigurationList;
			buildConfigurations = (
				C118382B2ADFCC6900DB0127 /* Debug */,
				C118382C2ADFCC6900DB0127 /* Release */,
			);
			defaultConfigurationIsVisible = 0;
			defaultConfigurationName = Release;
		};
		C118382D2ADFCC6900DB0127 /* Build configuration list for PBXNativeTarget "demo" */ = {
			isa = XCConfigurationList;
			buildConfigurations = (
				C118382E2ADFCC6900DB0127 /* Debug */,
				C118382F2ADFCC6900DB0127 /* Release */,
			);
			defaultConfigurationIsVisible = 0;
			defaultConfigurationName = Release;
		};
		C1DA2DCC2C9716BD00DF03CB /* Build configuration list for PBXNativeTarget "resource" */ = {
			isa = XCConfigurationList;
			buildConfigurations = (
				C1DA2DCA2C9716BD00DF03CB /* Debug */,
				C1DA2DCB2C9716BD00DF03CB /* Release */,
			);
			defaultConfigurationIsVisible = 0;
			defaultConfigurationName = Release;
		};
/* End XCConfigurationList section */
	};
	rootObject = C118380C2ADFCC6800DB0127 /* Project object */;
}
